Microsoft Visual Studio Solution File, Format Version 11.00
# Visual Studio 2010
Project("{8BC9CEB8-8B4A-11D0-8D11-00A0C91BC942}") = "TestBITS", "BITS\TestBITS.vcxproj", "{A246CB3E-4A9A-4F78-94DB-755985DA179F}"
EndProject
Project("{8BC9CEB8-8B4A-11D0-8D11-00A0C91BC942}") = "TestFtp", "FTP\TestFtp.vcxproj", "{EC8B908A-12E9-43EE-8F31-EE466193F239}"
EndProject
Project("{8BC9CEB8-8B4A-11D0-8D11-00A0C91BC942}") = "PackerTest", "Packer\PackerTest.vcxproj", "{421FD818-A579-41D8-BF7F-2F40C4206057}"
EndProject
Project("{8BC9CEB8-8B4A-11D0-8D11-00A0C91BC942}") = "POP3", "POP3\POP3.vcxproj", "{425C4F40-13B6-444D-8157-EF6617722355}"
EndProject
Project("{8BC9CEB8-8B4A-11D0-8D11-00A0C91BC942}") = "UI", "UI\UI.vcxproj", "{B9D64DBB-F279-4EA9-B976-3BA7814685F7}"
EndProject
Project("{8BC9CEB8-8B4A-11D0-8D11-00A0C91BC942}") = "Extract", "XML\html.vcxproj", "{3AF28033-7722-4252-BE7B-C2163BC38E0A}"
EndProject
Project("{8BC9CEB8-8B4A-11D0-8D11-00A0C91BC942}") = "Header Generator", "Header Generator\Header Generator.vcxproj", "{DF46E37F-D029-41C8-A050-E7D42F35DF63}"
EndProject
Project("{8BC9CEB8-8B4A-11D0-8D11-00A0C91BC942}") = "WinLib", "..\WinLib\WinLib.vcxproj", "{94A1CE47-9646-4643-A8D3-BF52C9615611}"
EndProject
Project("{8BC9CEB8-8B4A-11D0-8D11-00A0C91BC942}") = "DbgMonitor", "DbgMonitor\DbgMonitor.vcxproj", "{35ACB64A-F308-4F0A-8FEE-46D4635FDA60}"
EndProject
Project("{8BC9CEB8-8B4A-11D0-8D11-00A0C91BC942}") = "MapiCons", "MapiCons\MapiCons.vcxproj", "{516D08AB-867E-492E-B985-249FB2B1BEE3}"
EndProject
Project("{8BC9CEB8-8B4A-11D0-8D11-00A0C91BC942}") = "Console", "Console\Console.vcxproj", "{12F1BB54-BA24-4328-9771-911D77605300}"
EndProject
Project("{8BC9CEB8-8B4A-11D0-8D11-00A0C91BC942}") = "WinLibTest", "WinLibTest\WinLibTest.vcxproj", "{87FD47EF-93EA-45EF-844C-039EBEE70F54}"
EndProject
Project("{8BC9CEB8-8B4A-11D0-8D11-00A0C91BC942}") = "filestate", "FileState\filestate.vcxproj", "{E62116A3-5656-48D6-A82B-14737A213051}"
EndProject
Project("{8BC9CEB8-8B4A-11D0-8D11-00A0C91BC942}") = "editmember", "EditMember\editmember.vcxproj", "{FB1096FA-73E6-4D18-830D-ACBE6E5ACB1F}"
EndProject
Project("{8BC9CEB8-8B4A-11D0-8D11-00A0C91BC942}") = "sleep", "Sleep\sleep.vcxproj", "{EA80B3CB-2E6F-41E5-9A2A-D773680365AB}"
EndProject
Project("{8BC9CEB8-8B4A-11D0-8D11-00A0C91BC942}") = "touch", "Touch\touch.vcxproj", "{052F027A-63A7-4326-BD0B-EE078DB1A9B3}"
EndProject
Project("{8BC9CEB8-8B4A-11D0-8D11-00A0C91BC942}") = "WebBrowser", "WebBrowser\WebBrowser.vcxproj", "{22600D47-7CED-4D82-9CF9-3953FAA28346}"
EndProject
Project("{FAE04EC0-301F-11D3-BF4B-00C04F79EFBC}") = "TreeViewer", "TreeViewer\TreeViewer.csproj", "{35483E8E-A713-4D31-A8F4-EE4CB0385F97}"
EndProject
Project("{8BC9CEB8-8B4A-11D0-8D11-00A0C91BC942}") = "CoopServerStress", "CoopServerStress\CoopServerStress.vcxproj", "{8F5BEB39-CB8D-4D9F-9680-83B0E735CF8C}"
EndProject
Project("{8BC9CEB8-8B4A-11D0-8D11-00A0C91BC942}") = "CallBcMerge", "CallBcMerge\CallBcMerge.vcxproj", "{130C1EB9-48D5-4BF6-A1E8-AB746408340F}"
EndProject
Project("{8BC9CEB8-8B4A-11D0-8D11-00A0C91BC942}") = "CoopService", "CoopService\CoopService.vcxproj", "{476D2C40-1D3F-4DB5-8BB3-11D2C725A2AB}"
EndProject
Project("{8BC9CEB8-8B4A-11D0-8D11-00A0C91BC942}") = "SocketServer", "SocketServer\SocketServer.vcxproj", "{69D3633B-0057-47B8-A9BA-E95F14DEECCE}"
EndProject
Project("{8BC9CEB8-8B4A-11D0-8D11-00A0C91BC942}") = "SocketClient", "SocketClient\SocketClient.vcxproj", "{CE1B833D-C764-436B-BFCA-74689663E9E0}"
EndProject
Project("{8BC9CEB8-8B4A-11D0-8D11-00A0C91BC942}") = "PipeServer", "PipeServer\PipeServer.vcxproj", "{45CF51B4-8B51-413D-9D43-106CCE10A8D8}"
EndProject
Project("{8BC9CEB8-8B4A-11D0-8D11-00A0C91BC942}") = "SMTP", "SMTP\SMTP.vcxproj", "{61ADF414-FEF8-458E-8B7B-0FAB2C0C0CF4}"
EndProject
Project("{8BC9CEB8-8B4A-11D0-8D11-00A0C91BC942}") = "UiExperiment", "UiExperiment\UiExperiment.vcxproj", "{DAFFF6F9-C81F-488F-826C-AE90CBF577A2}"
EndProject
Project("{8BC9CEB8-8B4A-11D0-8D11-00A0C91BC942}") = "WinTest", "..\WinLib\WinTest\WinTest.vcxproj", "{5D67255F-DD57-4319-BB6E-8D1E13289D3A}"
EndProject
Global
	GlobalSection(SourceCodeControl) = preSolution
		SccNumberOfProjects = 28
		SccProjectName0 = Rebecca
		SccLocalPath0 = ..
		SccProvider0 = MSSCCI:Reliable\u0020Software\u0020Code\u0020Co-op
		CanCheckoutShared = true
		SccProjectFilePathRelativizedFromConnection0 = Test\\
		SccProjectUniqueName1 = TreeViewer\\TreeViewer.csproj
		SccLocalPath1 = TreeViewer
		CanCheckoutShared = true
		SccProjectUniqueName2 = BITS\\TestBITS.vcxproj
		SccLocalPath2 = ..
		CanCheckoutShared = true
		SccProjectFilePathRelativizedFromConnection2 = Test\\BITS\\
		SccProjectUniqueName3 = FTP\\TestFtp.vcxproj
		SccLocalPath3 = ..
		CanCheckoutShared = true
		SccProjectFilePathRelativizedFromConnection3 = Test\\FTP\\
		SccProjectUniqueName4 = Packer\\PackerTest.vcxproj
		SccLocalPath4 = ..
		CanCheckoutShared = true
		SccProjectFilePathRelativizedFromConnection4 = Test\\Packer\\
		SccProjectUniqueName5 = POP3\\POP3.vcxproj
		SccLocalPath5 = ..
		CanCheckoutShared = true
		SccProjectFilePathRelativizedFromConnection5 = Test\\POP3\\
		SccProjectUniqueName6 = UI\\UI.vcxproj
		SccLocalPath6 = ..
		CanCheckoutShared = true
		SccProjectFilePathRelativizedFromConnection6 = Test\\UI\\
		SccProjectUniqueName7 = XML\\html.vcxproj
		SccLocalPath7 = ..
		CanCheckoutShared = true
		SccProjectFilePathRelativizedFromConnection7 = Test\\XML\\
		SccProjectUniqueName8 = Header\u0020Generator\\Header\u0020Generator.vcxproj
		SccLocalPath8 = ..
		CanCheckoutShared = true
		SccProjectFilePathRelativizedFromConnection8 = Test\\Header\u0020Generator\\
		SccProjectUniqueName9 = ..\\WinLib\\WinLib.vcxproj
		SccLocalPath9 = ..
		CanCheckoutShared = true
		SccProjectFilePathRelativizedFromConnection9 = WinLib\\
		SccProjectUniqueName10 = DbgMonitor\\DbgMonitor.vcxproj
		SccLocalPath10 = ..
		CanCheckoutShared = true
		SccProjectFilePathRelativizedFromConnection10 = Test\\DbgMonitor\\
		SccProjectUniqueName11 = MapiCons\\MapiCons.vcxproj
		SccLocalPath11 = MapiCons
		CanCheckoutShared = true
		SccProjectUniqueName12 = Console\\Console.vcxproj
		SccLocalPath12 = Console
		CanCheckoutShared = true
		SccProjectUniqueName13 = WinLibTest\\WinLibTest.vcxproj
		SccLocalPath13 = ..
		CanCheckoutShared = true
		SccProjectFilePathRelativizedFromConnection13 = Test\\WinLibTest\\
		SccProjectUniqueName14 = FileState\\filestate.vcxproj
		SccLocalPath14 = ..
		CanCheckoutShared = true
		SccProjectFilePathRelativizedFromConnection14 = Test\\FileState\\
		SccProjectUniqueName15 = EditMember\\editmember.vcxproj
		SccLocalPath15 = ..
		CanCheckoutShared = true
		SccProjectFilePathRelativizedFromConnection15 = Test\\EditMember\\
		SccProjectUniqueName16 = Sleep\\sleep.vcxproj
		SccLocalPath16 = ..
		CanCheckoutShared = true
		SccProjectFilePathRelativizedFromConnection16 = Test\\Sleep\\
		SccProjectUniqueName17 = Touch\\touch.vcxproj
		SccLocalPath17 = ..
		CanCheckoutShared = true
		SccProjectFilePathRelativizedFromConnection17 = Test\\Touch\\
		SccProjectUniqueName18 = WebBrowser\\WebBrowser.vcxproj
		SccLocalPath18 = WebBrowser
		CanCheckoutShared = true
		SccProjectUniqueName19 = CoopServerStress\\CoopServerStress.vcxproj
		SccLocalPath19 = ..
		CanCheckoutShared = true
		SccProjectFilePathRelativizedFromConnection19 = Test\\CoopServerStress\\
		SccProjectUniqueName20 = CallBcMerge\\CallBcMerge.vcxproj
		SccLocalPath20 = ..
		CanCheckoutShared = true
		SccProjectFilePathRelativizedFromConnection20 = Test\\CallBcMerge\\
		SccProjectUniqueName21 = CoopService\\CoopService.vcxproj
		SccLocalPath21 = ..
		CanCheckoutShared = true
		SccProjectFilePathRelativizedFromConnection21 = Test\\CoopService\\
		SccProjectUniqueName22 = SocketServer\\SocketServer.vcxproj
		SccLocalPath22 = SocketServer
		CanCheckoutShared = true
		SccProjectUniqueName23 = SocketClient\\SocketClient.vcxproj
		SccLocalPath23 = SocketClient
		CanCheckoutShared = true
		SccProjectUniqueName24 = PipeServer\\PipeServer.vcxproj
		SccLocalPath24 = PipeServer
		CanCheckoutShared = true
		SccProjectUniqueName25 = SMTP\\SMTP.vcxproj
		SccLocalPath25 = SMTP
		CanCheckoutShared = true
		SccProjectUniqueName26 = UiExperiment\\UiExperiment.vcxproj
		SccLocalPath26 = ..
		CanCheckoutShared = true
		SccProjectFilePathRelativizedFromConnection26 = Test\\UiExperiment\\
		SccProjectUniqueName27 = ..\\WinLib\\WinTest\\WinTest.vcxproj
		SccLocalPath27 = ..
		CanCheckoutShared = true
		SccProjectFilePathRelativizedFromConnection27 = WinLib\\WinTest\\
	EndGlobalSection
	GlobalSection(SolutionConfigurationPlatforms) = preSolution
		Beta Lite|Any CPU = Beta Lite|Any CPU
		Beta Lite|Mixed Platforms = Beta Lite|Mixed Platforms
		Beta Lite|Win32 = Beta Lite|Win32
		Beta|Any CPU = Beta|Any CPU
		Beta|Mixed Platforms = Beta|Mixed Platforms
		Beta|Win32 = Beta|Win32
		Debug Lite|Any CPU = Debug Lite|Any CPU
		Debug Lite|Mixed Platforms = Debug Lite|Mixed Platforms
		Debug Lite|Win32 = Debug Lite|Win32
		Debug|Any CPU = Debug|Any CPU
		Debug|Mixed Platforms = Debug|Mixed Platforms
		Debug|Win32 = Debug|Win32
		Release Lite|Any CPU = Release Lite|Any CPU
		Release Lite|Mixed Platforms = Release Lite|Mixed Platforms
		Release Lite|Win32 = Release Lite|Win32
		Release|Any CPU = Release|Any CPU
		Release|Mixed Platforms = Release|Mixed Platforms
		Release|Win32 = Release|Win32
	EndGlobalSection
	GlobalSection(ProjectConfigurationPlatforms) = postSolution
		{A246CB3E-4A9A-4F78-94DB-755985DA179F}.Beta Lite|Any CPU.ActiveCfg = Release|Win32
		{A246CB3E-4A9A-4F78-94DB-755985DA179F}.Beta Lite|Mixed Platforms.ActiveCfg = Release|Win32
		{A246CB3E-4A9A-4F78-94DB-755985DA179F}.Beta Lite|Mixed Platforms.Build.0 = Release|Win32
		{A246CB3E-4A9A-4F78-94DB-755985DA179F}.Beta Lite|Win32.ActiveCfg = Release|Win32
		{A246CB3E-4A9A-4F78-94DB-755985DA179F}.Beta Lite|Win32.Build.0 = Release|Win32
		{A246CB3E-4A9A-4F78-94DB-755985DA179F}.Beta|Any CPU.ActiveCfg = Release|Win32
		{A246CB3E-4A9A-4F78-94DB-755985DA179F}.Beta|Mixed Platforms.ActiveCfg = Release|Win32
		{A246CB3E-4A9A-4F78-94DB-755985DA179F}.Beta|Mixed Platforms.Build.0 = Release|Win32
		{A246CB3E-4A9A-4F78-94DB-755985DA179F}.Beta|Win32.ActiveCfg = Release|Win32
		{A246CB3E-4A9A-4F78-94DB-755985DA179F}.Beta|Win32.Build.0 = Release|Win32
		{A246CB3E-4A9A-4F78-94DB-755985DA179F}.Debug Lite|Any CPU.ActiveCfg = Debug|Win32
		{A246CB3E-4A9A-4F78-94DB-755985DA179F}.Debug Lite|Mixed Platforms.ActiveCfg = Debug|Win32
		{A246CB3E-4A9A-4F78-94DB-755985DA179F}.Debug Lite|Mixed Platforms.Build.0 = Debug|Win32
		{A246CB3E-4A9A-4F78-94DB-755985DA179F}.Debug Lite|Win32.ActiveCfg = Debug|Win32
		{A246CB3E-4A9A-4F78-94DB-755985DA179F}.Debug Lite|Win32.Build.0 = Debug|Win32
		{A246CB3E-4A9A-4F78-94DB-755985DA179F}.Debug|Any CPU.ActiveCfg = Debug|Win32
		{A246CB3E-4A9A-4F78-94DB-755985DA179F}.Debug|Mixed Platforms.ActiveCfg = Debug|Win32
		{A246CB3E-4A9A-4F78-94DB-755985DA179F}.Debug|Mixed Platforms.Build.0 = Debug|Win32
		{A246CB3E-4A9A-4F78-94DB-755985DA179F}.Debug|Win32.ActiveCfg = Debug|Win32
		{A246CB3E-4A9A-4F78-94DB-755985DA179F}.Debug|Win32.Build.0 = Debug|Win32
		{A246CB3E-4A9A-4F78-94DB-755985DA179F}.Release Lite|Any CPU.ActiveCfg = Release|Win32
		{A246CB3E-4A9A-4F78-94DB-755985DA179F}.Release Lite|Mixed Platforms.ActiveCfg = Release|Win32
		{A246CB3E-4A9A-4F78-94DB-755985DA179F}.Release Lite|Mixed Platforms.Build.0 = Release|Win32
		{A246CB3E-4A9A-4F78-94DB-755985DA179F}.Release Lite|Win32.ActiveCfg = Release|Win32
		{A246CB3E-4A9A-4F78-94DB-755985DA179F}.Release Lite|Win32.Build.0 = Release|Win32
		{A246CB3E-4A9A-4F78-94DB-755985DA179F}.Release|Any CPU.ActiveCfg = Release|Win32
		{A246CB3E-4A9A-4F78-94DB-755985DA179F}.Release|Mixed Platforms.ActiveCfg = Release|Win32
		{A246CB3E-4A9A-4F78-94DB-755985DA179F}.Release|Mixed Platforms.Build.0 = Release|Win32
		{A246CB3E-4A9A-4F78-94DB-755985DA179F}.Release|Win32.ActiveCfg = Release|Win32
		{A246CB3E-4A9A-4F78-94DB-755985DA179F}.Release|Win32.Build.0 = Release|Win32
		{EC8B908A-12E9-43EE-8F31-EE466193F239}.Beta Lite|Any CPU.ActiveCfg = Release|Win32
		{EC8B908A-12E9-43EE-8F31-EE466193F239}.Beta Lite|Mixed Platforms.ActiveCfg = Release|Win32
		{EC8B908A-12E9-43EE-8F31-EE466193F239}.Beta Lite|Mixed Platforms.Build.0 = Release|Win32
		{EC8B908A-12E9-43EE-8F31-EE466193F239}.Beta Lite|Win32.ActiveCfg = Release|Win32
		{EC8B908A-12E9-43EE-8F31-EE466193F239}.Beta Lite|Win32.Build.0 = Release|Win32
		{EC8B908A-12E9-43EE-8F31-EE466193F239}.Beta|Any CPU.ActiveCfg = Release|Win32
		{EC8B908A-12E9-43EE-8F31-EE466193F239}.Beta|Mixed Platforms.ActiveCfg = Release|Win32
		{EC8B908A-12E9-43EE-8F31-EE466193F239}.Beta|Mixed Platforms.Build.0 = Release|Win32
		{EC8B908A-12E9-43EE-8F31-EE466193F239}.Beta|Win32.ActiveCfg = Release|Win32
		{EC8B908A-12E9-43EE-8F31-EE466193F239}.Beta|Win32.Build.0 = Release|Win32
		{EC8B908A-12E9-43EE-8F31-EE466193F239}.Debug Lite|Any CPU.ActiveCfg = Debug|Win32
		{EC8B908A-12E9-43EE-8F31-EE466193F239}.Debug Lite|Mixed Platforms.ActiveCfg = Debug|Win32
		{EC8B908A-12E9-43EE-8F31-EE466193F239}.Debug Lite|Mixed Platforms.Build.0 = Debug|Win32
		{EC8B908A-12E9-43EE-8F31-EE466193F239}.Debug Lite|Win32.ActiveCfg = Debug|Win32
		{EC8B908A-12E9-43EE-8F31-EE466193F239}.Debug Lite|Win32.Build.0 = Debug|Win32
		{EC8B908A-12E9-43EE-8F31-EE466193F239}.Debug|Any CPU.ActiveCfg = Debug|Win32
		{EC8B908A-12E9-43EE-8F31-EE466193F239}.Debug|Mixed Platforms.ActiveCfg = Debug|Win32
		{EC8B908A-12E9-43EE-8F31-EE466193F239}.Debug|Mixed Platforms.Build.0 = Debug|Win32
		{EC8B908A-12E9-43EE-8F31-EE466193F239}.Debug|Win32.ActiveCfg = Debug|Win32
		{EC8B908A-12E9-43EE-8F31-EE466193F239}.Debug|Win32.Build.0 = Debug|Win32
		{EC8B908A-12E9-43EE-8F31-EE466193F239}.Release Lite|Any CPU.ActiveCfg = Release|Win32
		{EC8B908A-12E9-43EE-8F31-EE466193F239}.Release Lite|Mixed Platforms.ActiveCfg = Release|Win32
		{EC8B908A-12E9-43EE-8F31-EE466193F239}.Release Lite|Mixed Platforms.Build.0 = Release|Win32
		{EC8B908A-12E9-43EE-8F31-EE466193F239}.Release Lite|Win32.ActiveCfg = Release|Win32
		{EC8B908A-12E9-43EE-8F31-EE466193F239}.Release Lite|Win32.Build.0 = Release|Win32
		{EC8B908A-12E9-43EE-8F31-EE466193F239}.Release|Any CPU.ActiveCfg = Release|Win32
		{EC8B908A-12E9-43EE-8F31-EE466193F239}.Release|Mixed Platforms.ActiveCfg = Release|Win32
		{EC8B908A-12E9-43EE-8F31-EE466193F239}.Release|Mixed Platforms.Build.0 = Release|Win32
		{EC8B908A-12E9-43EE-8F31-EE466193F239}.Release|Win32.ActiveCfg = Release|Win32
		{EC8B908A-12E9-43EE-8F31-EE466193F239}.Release|Win32.Build.0 = Release|Win32
		{421FD818-A579-41D8-BF7F-2F40C4206057}.Beta Lite|Any CPU.ActiveCfg = Release|Win32
		{421FD818-A579-41D8-BF7F-2F40C4206057}.Beta Lite|Mixed Platforms.ActiveCfg = Release|Win32
		{421FD818-A579-41D8-BF7F-2F40C4206057}.Beta Lite|Mixed Platforms.Build.0 = Release|Win32
		{421FD818-A579-41D8-BF7F-2F40C4206057}.Beta Lite|Win32.ActiveCfg = Release|Win32
		{421FD818-A579-41D8-BF7F-2F40C4206057}.Beta Lite|Win32.Build.0 = Release|Win32
		{421FD818-A579-41D8-BF7F-2F40C4206057}.Beta|Any CPU.ActiveCfg = Release|Win32
		{421FD818-A579-41D8-BF7F-2F40C4206057}.Beta|Mixed Platforms.ActiveCfg = Release|Win32
		{421FD818-A579-41D8-BF7F-2F40C4206057}.Beta|Mixed Platforms.Build.0 = Release|Win32
		{421FD818-A579-41D8-BF7F-2F40C4206057}.Beta|Win32.ActiveCfg = Release|Win32
		{421FD818-A579-41D8-BF7F-2F40C4206057}.Beta|Win32.Build.0 = Release|Win32
		{421FD818-A579-41D8-BF7F-2F40C4206057}.Debug Lite|Any CPU.ActiveCfg = Debug|Win32
		{421FD818-A579-41D8-BF7F-2F40C4206057}.Debug Lite|Mixed Platforms.ActiveCfg = Debug|Win32
		{421FD818-A579-41D8-BF7F-2F40C4206057}.Debug Lite|Mixed Platforms.Build.0 = Debug|Win32
		{421FD818-A579-41D8-BF7F-2F40C4206057}.Debug Lite|Win32.ActiveCfg = Debug|Win32
		{421FD818-A579-41D8-BF7F-2F40C4206057}.Debug Lite|Win32.Build.0 = Debug|Win32
		{421FD818-A579-41D8-BF7F-2F40C4206057}.Debug|Any CPU.ActiveCfg = Debug|Win32
		{421FD818-A579-41D8-BF7F-2F40C4206057}.Debug|Mixed Platforms.ActiveCfg = Debug|Win32
		{421FD818-A579-41D8-BF7F-2F40C4206057}.Debug|Mixed Platforms.Build.0 = Debug|Win32
		{421FD818-A579-41D8-BF7F-2F40C4206057}.Debug|Win32.ActiveCfg = Debug|Win32
		{421FD818-A579-41D8-BF7F-2F40C4206057}.Debug|Win32.Build.0 = Debug|Win32
		{421FD818-A579-41D8-BF7F-2F40C4206057}.Release Lite|Any CPU.ActiveCfg = Release|Win32
		{421FD818-A579-41D8-BF7F-2F40C4206057}.Release Lite|Mixed Platforms.ActiveCfg = Release|Win32
		{421FD818-A579-41D8-BF7F-2F40C4206057}.Release Lite|Mixed Platforms.Build.0 = Release|Win32
		{421FD818-A579-41D8-BF7F-2F40C4206057}.Release Lite|Win32.ActiveCfg = Release|Win32
		{421FD818-A579-41D8-BF7F-2F40C4206057}.Release Lite|Win32.Build.0 = Release|Win32
		{421FD818-A579-41D8-BF7F-2F40C4206057}.Release|Any CPU.ActiveCfg = Release|Win32
		{421FD818-A579-41D8-BF7F-2F40C4206057}.Release|Mixed Platforms.ActiveCfg = Release|Win32
		{421FD818-A579-41D8-BF7F-2F40C4206057}.Release|Mixed Platforms.Build.0 = Release|Win32
		{421FD818-A579-41D8-BF7F-2F40C4206057}.Release|Win32.ActiveCfg = Release|Win32
		{421FD818-A579-41D8-BF7F-2F40C4206057}.Release|Win32.Build.0 = Release|Win32
		{425C4F40-13B6-444D-8157-EF6617722355}.Beta Lite|Any CPU.ActiveCfg = Release|Win32
		{425C4F40-13B6-444D-8157-EF6617722355}.Beta Lite|Mixed Platforms.ActiveCfg = Release|Win32
		{425C4F40-13B6-444D-8157-EF6617722355}.Beta Lite|Mixed Platforms.Build.0 = Release|Win32
		{425C4F40-13B6-444D-8157-EF6617722355}.Beta Lite|Win32.ActiveCfg = Release|Win32
		{425C4F40-13B6-444D-8157-EF6617722355}.Beta Lite|Win32.Build.0 = Release|Win32
		{425C4F40-13B6-444D-8157-EF6617722355}.Beta|Any CPU.ActiveCfg = Release|Win32
		{425C4F40-13B6-444D-8157-EF6617722355}.Beta|Mixed Platforms.ActiveCfg = Release|Win32
		{425C4F40-13B6-444D-8157-EF6617722355}.Beta|Mixed Platforms.Build.0 = Release|Win32
		{425C4F40-13B6-444D-8157-EF6617722355}.Beta|Win32.ActiveCfg = Release|Win32
		{425C4F40-13B6-444D-8157-EF6617722355}.Beta|Win32.Build.0 = Release|Win32
		{425C4F40-13B6-444D-8157-EF6617722355}.Debug Lite|Any CPU.ActiveCfg = Debug|Win32
		{425C4F40-13B6-444D-8157-EF6617722355}.Debug Lite|Mixed Platforms.ActiveCfg = Debug|Win32
		{425C4F40-13B6-444D-8157-EF6617722355}.Debug Lite|Mixed Platforms.Build.0 = Debug|Win32
		{425C4F40-13B6-444D-8157-EF6617722355}.Debug Lite|Win32.ActiveCfg = Debug|Win32
		{425C4F40-13B6-444D-8157-EF6617722355}.Debug Lite|Win32.Build.0 = Debug|Win32
		{425C4F40-13B6-444D-8157-EF6617722355}.Debug|Any CPU.ActiveCfg = Debug|Win32
		{425C4F40-13B6-444D-8157-EF6617722355}.Debug|Mixed Platforms.ActiveCfg = Debug|Win32
		{425C4F40-13B6-444D-8157-EF6617722355}.Debug|Mixed Platforms.Build.0 = Debug|Win32
		{425C4F40-13B6-444D-8157-EF6617722355}.Debug|Win32.ActiveCfg = Debug|Win32
		{425C4F40-13B6-444D-8157-EF6617722355}.Debug|Win32.Build.0 = Debug|Win32
		{425C4F40-13B6-444D-8157-EF6617722355}.Release Lite|Any CPU.ActiveCfg = Release|Win32
		{425C4F40-13B6-444D-8157-EF6617722355}.Release Lite|Mixed Platforms.ActiveCfg = Release|Win32
		{425C4F40-13B6-444D-8157-EF6617722355}.Release Lite|Mixed Platforms.Build.0 = Release|Win32
		{425C4F40-13B6-444D-8157-EF6617722355}.Release Lite|Win32.ActiveCfg = Release|Win32
		{425C4F40-13B6-444D-8157-EF6617722355}.Release Lite|Win32.Build.0 = Release|Win32
		{425C4F40-13B6-444D-8157-EF6617722355}.Release|Any CPU.ActiveCfg = Release|Win32
		{425C4F40-13B6-444D-8157-EF6617722355}.Release|Mixed Platforms.ActiveCfg = Release|Win32
		{425C4F40-13B6-444D-8157-EF6617722355}.Release|Mixed Platforms.Build.0 = Release|Win32
		{425C4F40-13B6-444D-8157-EF6617722355}.Release|Win32.ActiveCfg = Release|Win32
		{425C4F40-13B6-444D-8157-EF6617722355}.Release|Win32.Build.0 = Release|Win32
		{B9D64DBB-F279-4EA9-B976-3BA7814685F7}.Beta Lite|Any CPU.ActiveCfg = Release|Win32
		{B9D64DBB-F279-4EA9-B976-3BA7814685F7}.Beta Lite|Mixed Platforms.ActiveCfg = Release|Win32
		{B9D64DBB-F279-4EA9-B976-3BA7814685F7}.Beta Lite|Mixed Platforms.Build.0 = Release|Win32
		{B9D64DBB-F279-4EA9-B976-3BA7814685F7}.Beta Lite|Win32.ActiveCfg = Release|Win32
		{B9D64DBB-F279-4EA9-B976-3BA7814685F7}.Beta Lite|Win32.Build.0 = Release|Win32
		{B9D64DBB-F279-4EA9-B976-3BA7814685F7}.Beta|Any CPU.ActiveCfg = Release|Win32
		{B9D64DBB-F279-4EA9-B976-3BA7814685F7}.Beta|Mixed Platforms.ActiveCfg = Release|Win32
		{B9D64DBB-F279-4EA9-B976-3BA7814685F7}.Beta|Mixed Platforms.Build.0 = Release|Win32
		{B9D64DBB-F279-4EA9-B976-3BA7814685F7}.Beta|Win32.ActiveCfg = Release|Win32
		{B9D64DBB-F279-4EA9-B976-3BA7814685F7}.Beta|Win32.Build.0 = Release|Win32
		{B9D64DBB-F279-4EA9-B976-3BA7814685F7}.Debug Lite|Any CPU.ActiveCfg = Debug|Win32
		{B9D64DBB-F279-4EA9-B976-3BA7814685F7}.Debug Lite|Mixed Platforms.ActiveCfg = Debug|Win32
		{B9D64DBB-F279-4EA9-B976-3BA7814685F7}.Debug Lite|Mixed Platforms.Build.0 = Debug|Win32
		{B9D64DBB-F279-4EA9-B976-3BA7814685F7}.Debug Lite|Win32.ActiveCfg = Debug|Win32
		{B9D64DBB-F279-4EA9-B976-3BA7814685F7}.Debug Lite|Win32.Build.0 = Debug|Win32
		{B9D64DBB-F279-4EA9-B976-3BA7814685F7}.Debug|Any CPU.ActiveCfg = Debug|Win32
		{B9D64DBB-F279-4EA9-B976-3BA7814685F7}.Debug|Mixed Platforms.ActiveCfg = Debug|Win32
		{B9D64DBB-F279-4EA9-B976-3BA7814685F7}.Debug|Mixed Platforms.Build.0 = Debug|Win32
		{B9D64DBB-F279-4EA9-B976-3BA7814685F7}.Debug|Win32.ActiveCfg = Debug|Win32
		{B9D64DBB-F279-4EA9-B976-3BA7814685F7}.Debug|Win32.Build.0 = Debug|Win32
		{B9D64DBB-F279-4EA9-B976-3BA7814685F7}.Release Lite|Any CPU.ActiveCfg = Release|Win32
		{B9D64DBB-F279-4EA9-B976-3BA7814685F7}.Release Lite|Mixed Platforms.ActiveCfg = Release|Win32
		{B9D64DBB-F279-4EA9-B976-3BA7814685F7}.Release Lite|Mixed Platforms.Build.0 = Release|Win32
		{B9D64DBB-F279-4EA9-B976-3BA7814685F7}.Release Lite|Win32.ActiveCfg = Release|Win32
		{B9D64DBB-F279-4EA9-B976-3BA7814685F7}.Release Lite|Win32.Build.0 = Release|Win32
		{B9D64DBB-F279-4EA9-B976-3BA7814685F7}.Release|Any CPU.ActiveCfg = Release|Win32
		{B9D64DBB-F279-4EA9-B976-3BA7814685F7}.Release|Mixed Platforms.ActiveCfg = Release|Win32
		{B9D64DBB-F279-4EA9-B976-3BA7814685F7}.Release|Mixed Platforms.Build.0 = Release|Win32
		{B9D64DBB-F279-4EA9-B976-3BA7814685F7}.Release|Win32.ActiveCfg = Release|Win32
		{B9D64DBB-F279-4EA9-B976-3BA7814685F7}.Release|Win32.Build.0 = Release|Win32
		{3AF28033-7722-4252-BE7B-C2163BC38E0A}.Beta Lite|Any CPU.ActiveCfg = Debug|Win32
		{3AF28033-7722-4252-BE7B-C2163BC38E0A}.Beta Lite|Mixed Platforms.ActiveCfg = Debug|Win32
		{3AF28033-7722-4252-BE7B-C2163BC38E0A}.Beta Lite|Mixed Platforms.Build.0 = Debug|Win32
		{3AF28033-7722-4252-BE7B-C2163BC38E0A}.Beta Lite|Win32.ActiveCfg = Debug|Win32
		{3AF28033-7722-4252-BE7B-C2163BC38E0A}.Beta Lite|Win32.Build.0 = Debug|Win32
		{3AF28033-7722-4252-BE7B-C2163BC38E0A}.Beta|Any CPU.ActiveCfg = Debug|Win32
		{3AF28033-7722-4252-BE7B-C2163BC38E0A}.Beta|Mixed Platforms.ActiveCfg = Debug|Win32
		{3AF28033-7722-4252-BE7B-C2163BC38E0A}.Beta|Mixed Platforms.Build.0 = Debug|Win32
		{3AF28033-7722-4252-BE7B-C2163BC38E0A}.Beta|Win32.ActiveCfg = Debug|Win32
		{3AF28033-7722-4252-BE7B-C2163BC38E0A}.Beta|Win32.Build.0 = Debug|Win32
		{3AF28033-7722-4252-BE7B-C2163BC38E0A}.Debug Lite|Any CPU.ActiveCfg = Debug|Win32
		{3AF28033-7722-4252-BE7B-C2163BC38E0A}.Debug Lite|Mixed Platforms.ActiveCfg = Debug|Win32
		{3AF28033-7722-4252-BE7B-C2163BC38E0A}.Debug Lite|Mixed Platforms.Build.0 = Debug|Win32
		{3AF28033-7722-4252-BE7B-C2163BC38E0A}.Debug Lite|Win32.ActiveCfg = Debug|Win32
		{3AF28033-7722-4252-BE7B-C2163BC38E0A}.Debug Lite|Win32.Build.0 = Debug|Win32
		{3AF28033-7722-4252-BE7B-C2163BC38E0A}.Debug|Any CPU.ActiveCfg = Debug|Win32
		{3AF28033-7722-4252-BE7B-C2163BC38E0A}.Debug|Mixed Platforms.ActiveCfg = Debug|Win32
		{3AF28033-7722-4252-BE7B-C2163BC38E0A}.Debug|Mixed Platforms.Build.0 = Debug|Win32
		{3AF28033-7722-4252-BE7B-C2163BC38E0A}.Debug|Win32.ActiveCfg = Debug|Win32
		{3AF28033-7722-4252-BE7B-C2163BC38E0A}.Debug|Win32.Build.0 = Debug|Win32
		{3AF28033-7722-4252-BE7B-C2163BC38E0A}.Release Lite|Any CPU.ActiveCfg = Release|Win32
		{3AF28033-7722-4252-BE7B-C2163BC38E0A}.Release Lite|Mixed Platforms.ActiveCfg = Release|Win32
		{3AF28033-7722-4252-BE7B-C2163BC38E0A}.Release Lite|Mixed Platforms.Build.0 = Release|Win32
		{3AF28033-7722-4252-BE7B-C2163BC38E0A}.Release Lite|Win32.ActiveCfg = Release|Win32
		{3AF28033-7722-4252-BE7B-C2163BC38E0A}.Release Lite|Win32.Build.0 = Release|Win32
		{3AF28033-7722-4252-BE7B-C2163BC38E0A}.Release|Any CPU.ActiveCfg = Release|Win32
		{3AF28033-7722-4252-BE7B-C2163BC38E0A}.Release|Mixed Platforms.ActiveCfg = Release|Win32
		{3AF28033-7722-4252-BE7B-C2163BC38E0A}.Release|Mixed Platforms.Build.0 = Release|Win32
		{3AF28033-7722-4252-BE7B-C2163BC38E0A}.Release|Win32.ActiveCfg = Release|Win32
		{3AF28033-7722-4252-BE7B-C2163BC38E0A}.Release|Win32.Build.0 = Release|Win32
		{DF46E37F-D029-41C8-A050-E7D42F35DF63}.Beta Lite|Any CPU.ActiveCfg = Debug|Win32
		{DF46E37F-D029-41C8-A050-E7D42F35DF63}.Beta Lite|Mixed Platforms.ActiveCfg = Debug|Win32
		{DF46E37F-D029-41C8-A050-E7D42F35DF63}.Beta Lite|Mixed Platforms.Build.0 = Debug|Win32
		{DF46E37F-D029-41C8-A050-E7D42F35DF63}.Beta Lite|Win32.ActiveCfg = Debug|Win32
		{DF46E37F-D029-41C8-A050-E7D42F35DF63}.Beta Lite|Win32.Build.0 = Debug|Win32
		{DF46E37F-D029-41C8-A050-E7D42F35DF63}.Beta|Any CPU.ActiveCfg = Debug|Win32
		{DF46E37F-D029-41C8-A050-E7D42F35DF63}.Beta|Mixed Platforms.ActiveCfg = Debug|Win32
		{DF46E37F-D029-41C8-A050-E7D42F35DF63}.Beta|Mixed Platforms.Build.0 = Debug|Win32
		{DF46E37F-D029-41C8-A050-E7D42F35DF63}.Beta|Win32.ActiveCfg = Debug|Win32
		{DF46E37F-D029-41C8-A050-E7D42F35DF63}.Beta|Win32.Build.0 = Debug|Win32
		{DF46E37F-D029-41C8-A050-E7D42F35DF63}.Debug Lite|Any CPU.ActiveCfg = Debug|Win32
		{DF46E37F-D029-41C8-A050-E7D42F35DF63}.Debug Lite|Mixed Platforms.ActiveCfg = Debug|Win32
		{DF46E37F-D029-41C8-A050-E7D42F35DF63}.Debug Lite|Mixed Platforms.Build.0 = Debug|Win32
		{DF46E37F-D029-41C8-A050-E7D42F35DF63}.Debug Lite|Win32.ActiveCfg = Debug|Win32
		{DF46E37F-D029-41C8-A050-E7D42F35DF63}.Debug Lite|Win32.Build.0 = Debug|Win32
		{DF46E37F-D029-41C8-A050-E7D42F35DF63}.Debug|Any CPU.ActiveCfg = Debug|Win32
		{DF46E37F-D029-41C8-A050-E7D42F35DF63}.Debug|Mixed Platforms.ActiveCfg = Debug|Win32
		{DF46E37F-D029-41C8-A050-E7D42F35DF63}.Debug|Mixed Platforms.Build.0 = Debug|Win32
		{DF46E37F-D029-41C8-A050-E7D42F35DF63}.Debug|Win32.ActiveCfg = Debug|Win32
		{DF46E37F-D029-41C8-A050-E7D42F35DF63}.Release Lite|Any CPU.ActiveCfg = Release|Win32
		{DF46E37F-D029-41C8-A050-E7D42F35DF63}.Release Lite|Mixed Platforms.ActiveCfg = Release|Win32
		{DF46E37F-D029-41C8-A050-E7D42F35DF63}.Release Lite|Mixed Platforms.Build.0 = Release|Win32
		{DF46E37F-D029-41C8-A050-E7D42F35DF63}.Release Lite|Win32.ActiveCfg = Release|Win32
		{DF46E37F-D029-41C8-A050-E7D42F35DF63}.Release Lite|Win32.Build.0 = Release|Win32
		{DF46E37F-D029-41C8-A050-E7D42F35DF63}.Release|Any CPU.ActiveCfg = Release|Win32
		{DF46E37F-D029-41C8-A050-E7D42F35DF63}.Release|Mixed Platforms.ActiveCfg = Release|Win32
		{DF46E37F-D029-41C8-A050-E7D42F35DF63}.Release|Mixed Platforms.Build.0 = Release|Win32
		{DF46E37F-D029-41C8-A050-E7D42F35DF63}.Release|Win32.ActiveCfg = Release|Win32
		{DF46E37F-D029-41C8-A050-E7D42F35DF63}.Release|Win32.Build.0 = Release|Win32
		{94A1CE47-9646-4643-A8D3-BF52C9615611}.Beta Lite|Any CPU.ActiveCfg = Beta Lite|Win32
		{94A1CE47-9646-4643-A8D3-BF52C9615611}.Beta Lite|Mixed Platforms.ActiveCfg = Beta Lite|Win32
		{94A1CE47-9646-4643-A8D3-BF52C9615611}.Beta Lite|Mixed Platforms.Build.0 = Beta Lite|Win32
		{94A1CE47-9646-4643-A8D3-BF52C9615611}.Beta Lite|Win32.ActiveCfg = Beta Lite|Win32
		{94A1CE47-9646-4643-A8D3-BF52C9615611}.Beta Lite|Win32.Build.0 = Beta Lite|Win32
		{94A1CE47-9646-4643-A8D3-BF52C9615611}.Beta|Any CPU.ActiveCfg = Beta|Win32
		{94A1CE47-9646-4643-A8D3-BF52C9615611}.Beta|Mixed Platforms.ActiveCfg = Beta|Win32
		{94A1CE47-9646-4643-A8D3-BF52C9615611}.Beta|Mixed Platforms.Build.0 = Beta|Win32
		{94A1CE47-9646-4643-A8D3-BF52C9615611}.Beta|Win32.ActiveCfg = Beta|Win32
		{94A1CE47-9646-4643-A8D3-BF52C9615611}.Beta|Win32.Build.0 = Beta|Win32
		{94A1CE47-9646-4643-A8D3-BF52C9615611}.Debug Lite|Any CPU.ActiveCfg = Debug Lite|Win32
		{94A1CE47-9646-4643-A8D3-BF52C9615611}.Debug Lite|Mixed Platforms.ActiveCfg = Debug Lite|Win32
		{94A1CE47-9646-4643-A8D3-BF52C9615611}.Debug Lite|Mixed Platforms.Build.0 = Debug Lite|Win32
		{94A1CE47-9646-4643-A8D3-BF52C9615611}.Debug Lite|Win32.ActiveCfg = Debug Lite|Win32
		{94A1CE47-9646-4643-A8D3-BF52C9615611}.Debug Lite|Win32.Build.0 = Debug Lite|Win32
		{94A1CE47-9646-4643-A8D3-BF52C9615611}.Debug|Any CPU.ActiveCfg = Debug|Win32
		{94A1CE47-9646-4643-A8D3-BF52C9615611}.Debug|Mixed Platforms.ActiveCfg = Debug|Win32
		{94A1CE47-9646-4643-A8D3-BF52C9615611}.Debug|Mixed Platforms.Build.0 = Debug|Win32
		{94A1CE47-9646-4643-A8D3-BF52C9615611}.Debug|Win32.ActiveCfg = Debug|Win32
		{94A1CE47-9646-4643-A8D3-BF52C9615611}.Debug|Win32.Build.0 = Debug|Win32
		{94A1CE47-9646-4643-A8D3-BF52C9615611}.Release Lite|Any CPU.ActiveCfg = Release Lite|Win32
		{94A1CE47-9646-4643-A8D3-BF52C9615611}.Release Lite|Mixed Platforms.ActiveCfg = Release Lite|Win32
		{94A1CE47-9646-4643-A8D3-BF52C9615611}.Release Lite|Mixed Platforms.Build.0 = Release Lite|Win32
		{94A1CE47-9646-4643-A8D3-BF52C9615611}.Release Lite|Win32.ActiveCfg = Release Lite|Win32
		{94A1CE47-9646-4643-A8D3-BF52C9615611}.Release Lite|Win32.Build.0 = Release Lite|Win32
		{94A1CE47-9646-4643-A8D3-BF52C9615611}.Release|Any CPU.ActiveCfg = Release|Win32
		{94A1CE47-9646-4643-A8D3-BF52C9615611}.Release|Mixed Platforms.ActiveCfg = Release|Win32
		{94A1CE47-9646-4643-A8D3-BF52C9615611}.Release|Mixed Platforms.Build.0 = Release|Win32
		{94A1CE47-9646-4643-A8D3-BF52C9615611}.Release|Win32.ActiveCfg = Release|Win32
		{94A1CE47-9646-4643-A8D3-BF52C9615611}.Release|Win32.Build.0 = Release|Win32
		{35ACB64A-F308-4F0A-8FEE-46D4635FDA60}.Beta Lite|Any CPU.ActiveCfg = Release|Win32
		{35ACB64A-F308-4F0A-8FEE-46D4635FDA60}.Beta Lite|Mixed Platforms.ActiveCfg = Release|Win32
		{35ACB64A-F308-4F0A-8FEE-46D4635FDA60}.Beta Lite|Mixed Platforms.Build.0 = Release|Win32
		{35ACB64A-F308-4F0A-8FEE-46D4635FDA60}.Beta Lite|Win32.ActiveCfg = Release|Win32
		{35ACB64A-F308-4F0A-8FEE-46D4635FDA60}.Beta Lite|Win32.Build.0 = Release|Win32
		{35ACB64A-F308-4F0A-8FEE-46D4635FDA60}.Beta|Any CPU.ActiveCfg = Release|Win32
		{35ACB64A-F308-4F0A-8FEE-46D4635FDA60}.Beta|Mixed Platforms.ActiveCfg = Release|Win32
		{35ACB64A-F308-4F0A-8FEE-46D4635FDA60}.Beta|Mixed Platforms.Build.0 = Release|Win32
		{35ACB64A-F308-4F0A-8FEE-46D4635FDA60}.Beta|Win32.ActiveCfg = Release|Win32
		{35ACB64A-F308-4F0A-8FEE-46D4635FDA60}.Beta|Win32.Build.0 = Release|Win32
		{35ACB64A-F308-4F0A-8FEE-46D4635FDA60}.Debug Lite|Any CPU.ActiveCfg = Debug|Win32
		{35ACB64A-F308-4F0A-8FEE-46D4635FDA60}.Debug Lite|Mixed Platforms.ActiveCfg = Debug|Win32
		{35ACB64A-F308-4F0A-8FEE-46D4635FDA60}.Debug Lite|Mixed Platforms.Build.0 = Debug|Win32
		{35ACB64A-F308-4F0A-8FEE-46D4635FDA60}.Debug Lite|Win32.ActiveCfg = Debug|Win32
		{35ACB64A-F308-4F0A-8FEE-46D4635FDA60}.Debug Lite|Win32.Build.0 = Debug|Win32
		{35ACB64A-F308-4F0A-8FEE-46D4635FDA60}.Debug|Any CPU.ActiveCfg = Debug|Win32
		{35ACB64A-F308-4F0A-8FEE-46D4635FDA60}.Debug|Mixed Platforms.ActiveCfg = Debug|Win32
		{35ACB64A-F308-4F0A-8FEE-46D4635FDA60}.Debug|Mixed Platforms.Build.0 = Debug|Win32
		{35ACB64A-F308-4F0A-8FEE-46D4635FDA60}.Debug|Win32.ActiveCfg = Debug|Win32
		{35ACB64A-F308-4F0A-8FEE-46D4635FDA60}.Debug|Win32.Build.0 = Debug|Win32
		{35ACB64A-F308-4F0A-8FEE-46D4635FDA60}.Release Lite|Any CPU.ActiveCfg = Release|Win32
		{35ACB64A-F308-4F0A-8FEE-46D4635FDA60}.Release Lite|Mixed Platforms.ActiveCfg = Release|Win32
		{35ACB64A-F308-4F0A-8FEE-46D4635FDA60}.Release Lite|Mixed Platforms.Build.0 = Release|Win32
		{35ACB64A-F308-4F0A-8FEE-46D4635FDA60}.Release Lite|Win32.ActiveCfg = Release|Win32
		{35ACB64A-F308-4F0A-8FEE-46D4635FDA60}.Release Lite|Win32.Build.0 = Release|Win32
		{35ACB64A-F308-4F0A-8FEE-46D4635FDA60}.Release|Any CPU.ActiveCfg = Release|Win32
		{35ACB64A-F308-4F0A-8FEE-46D4635FDA60}.Release|Mixed Platforms.ActiveCfg = Release|Win32
		{35ACB64A-F308-4F0A-8FEE-46D4635FDA60}.Release|Mixed Platforms.Build.0 = Release|Win32
		{35ACB64A-F308-4F0A-8FEE-46D4635FDA60}.Release|Win32.ActiveCfg = Release|Win32
		{35ACB64A-F308-4F0A-8FEE-46D4635FDA60}.Release|Win32.Build.0 = Release|Win32
		{516D08AB-867E-492E-B985-249FB2B1BEE3}.Beta Lite|Any CPU.ActiveCfg = Release|Win32
		{516D08AB-867E-492E-B985-249FB2B1BEE3}.Beta Lite|Mixed Platforms.ActiveCfg = Release|Win32
		{516D08AB-867E-492E-B985-249FB2B1BEE3}.Beta Lite|Mixed Platforms.Build.0 = Release|Win32
		{516D08AB-867E-492E-B985-249FB2B1BEE3}.Beta Lite|Win32.ActiveCfg = Release|Win32
		{516D08AB-867E-492E-B985-249FB2B1BEE3}.Beta Lite|Win32.Build.0 = Release|Win32
		{516D08AB-867E-492E-B985-249FB2B1BEE3}.Beta|Any CPU.ActiveCfg = Release|Win32
		{516D08AB-867E-492E-B985-249FB2B1BEE3}.Beta|Mixed Platforms.ActiveCfg = Release|Win32
		{516D08AB-867E-492E-B985-249FB2B1BEE3}.Beta|Mixed Platforms.Build.0 = Release|Win32
		{516D08AB-867E-492E-B985-249FB2B1BEE3}.Beta|Win32.ActiveCfg = Release|Win32
		{516D08AB-867E-492E-B985-249FB2B1BEE3}.Beta|Win32.Build.0 = Release|Win32
		{516D08AB-867E-492E-B985-249FB2B1BEE3}.Debug Lite|Any CPU.ActiveCfg = Debug|Win32
		{516D08AB-867E-492E-B985-249FB2B1BEE3}.Debug Lite|Mixed Platforms.ActiveCfg = Debug|Win32
		{516D08AB-867E-492E-B985-249FB2B1BEE3}.Debug Lite|Mixed Platforms.Build.0 = Debug|Win32
		{516D08AB-867E-492E-B985-249FB2B1BEE3}.Debug Lite|Win32.ActiveCfg = Debug|Win32
		{516D08AB-867E-492E-B985-249FB2B1BEE3}.Debug Lite|Win32.Build.0 = Debug|Win32
		{516D08AB-867E-492E-B985-249FB2B1BEE3}.Debug|Any CPU.ActiveCfg = Debug|Win32
		{516D08AB-867E-492E-B985-249FB2B1BEE3}.Debug|Mixed Platforms.ActiveCfg = Debug|Win32
		{516D08AB-867E-492E-B985-249FB2B1BEE3}.Debug|Mixed Platforms.Build.0 = Debug|Win32
		{516D08AB-867E-492E-B985-249FB2B1BEE3}.Debug|Win32.ActiveCfg = Debug|Win32
		{516D08AB-867E-492E-B985-249FB2B1BEE3}.Debug|Win32.Build.0 = Debug|Win32
		{516D08AB-867E-492E-B985-249FB2B1BEE3}.Release Lite|Any CPU.ActiveCfg = Release|Win32
		{516D08AB-867E-492E-B985-249FB2B1BEE3}.Release Lite|Mixed Platforms.ActiveCfg = Release|Win32
		{516D08AB-867E-492E-B985-249FB2B1BEE3}.Release Lite|Mixed Platforms.Build.0 = Release|Win32
		{516D08AB-867E-492E-B985-249FB2B1BEE3}.Release Lite|Win32.ActiveCfg = Release|Win32
		{516D08AB-867E-492E-B985-249FB2B1BEE3}.Release Lite|Win32.Build.0 = Release|Win32
		{516D08AB-867E-492E-B985-249FB2B1BEE3}.Release|Any CPU.ActiveCfg = Release|Win32
		{516D08AB-867E-492E-B985-249FB2B1BEE3}.Release|Mixed Platforms.ActiveCfg = Release|Win32
		{516D08AB-867E-492E-B985-249FB2B1BEE3}.Release|Mixed Platforms.Build.0 = Release|Win32
		{516D08AB-867E-492E-B985-249FB2B1BEE3}.Release|Win32.ActiveCfg = Release|Win32
		{516D08AB-867E-492E-B985-249FB2B1BEE3}.Release|Win32.Build.0 = Release|Win32
		{12F1BB54-BA24-4328-9771-911D77605300}.Beta Lite|Any CPU.ActiveCfg = Release|Win32
		{12F1BB54-BA24-4328-9771-911D77605300}.Beta Lite|Mixed Platforms.ActiveCfg = Release|Win32
		{12F1BB54-BA24-4328-9771-911D77605300}.Beta Lite|Mixed Platforms.Build.0 = Release|Win32
		{12F1BB54-BA24-4328-9771-911D77605300}.Beta Lite|Win32.ActiveCfg = Release|Win32
		{12F1BB54-BA24-4328-9771-911D77605300}.Beta Lite|Win32.Build.0 = Release|Win32
		{12F1BB54-BA24-4328-9771-911D77605300}.Beta|Any CPU.ActiveCfg = Release|Win32
		{12F1BB54-BA24-4328-9771-911D77605300}.Beta|Mixed Platforms.ActiveCfg = Release|Win32
		{12F1BB54-BA24-4328-9771-911D77605300}.Beta|Mixed Platforms.Build.0 = Release|Win32
		{12F1BB54-BA24-4328-9771-911D77605300}.Beta|Win32.ActiveCfg = Release|Win32
		{12F1BB54-BA24-4328-9771-911D77605300}.Beta|Win32.Build.0 = Release|Win32
		{12F1BB54-BA24-4328-9771-911D77605300}.Debug Lite|Any CPU.ActiveCfg = Debug|Win32
		{12F1BB54-BA24-4328-9771-911D77605300}.Debug Lite|Mixed Platforms.ActiveCfg = Debug|Win32
		{12F1BB54-BA24-4328-9771-911D77605300}.Debug Lite|Mixed Platforms.Build.0 = Debug|Win32
		{12F1BB54-BA24-4328-9771-911D77605300}.Debug Lite|Win32.ActiveCfg = Debug|Win32
		{12F1BB54-BA24-4328-9771-911D77605300}.Debug Lite|Win32.Build.0 = Debug|Win32
		{12F1BB54-BA24-4328-9771-911D77605300}.Debug|Any CPU.ActiveCfg = Debug|Win32
		{12F1BB54-BA24-4328-9771-911D77605300}.Debug|Mixed Platforms.ActiveCfg = Debug|Win32
		{12F1BB54-BA24-4328-9771-911D77605300}.Debug|Mixed Platforms.Build.0 = Debug|Win32
		{12F1BB54-BA24-4328-9771-911D77605300}.Debug|Win32.ActiveCfg = Debug|Win32
		{12F1BB54-BA24-4328-9771-911D77605300}.Debug|Win32.Build.0 = Debug|Win32
		{12F1BB54-BA24-4328-9771-911D77605300}.Release Lite|Any CPU.ActiveCfg = Release|Win32
		{12F1BB54-BA24-4328-9771-911D77605300}.Release Lite|Mixed Platforms.ActiveCfg = Release|Win32
		{12F1BB54-BA24-4328-9771-911D77605300}.Release Lite|Mixed Platforms.Build.0 = Release|Win32
		{12F1BB54-BA24-4328-9771-911D77605300}.Release Lite|Win32.ActiveCfg = Release|Win32
		{12F1BB54-BA24-4328-9771-911D77605300}.Release Lite|Win32.Build.0 = Release|Win32
		{12F1BB54-BA24-4328-9771-911D77605300}.Release|Any CPU.ActiveCfg = Release|Win32
		{12F1BB54-BA24-4328-9771-911D77605300}.Release|Mixed Platforms.ActiveCfg = Release|Win32
		{12F1BB54-BA24-4328-9771-911D77605300}.Release|Mixed Platforms.Build.0 = Release|Win32
		{12F1BB54-BA24-4328-9771-911D77605300}.Release|Win32.ActiveCfg = Release|Win32
		{12F1BB54-BA24-4328-9771-911D77605300}.Release|Win32.Build.0 = Release|Win32
		{87FD47EF-93EA-45EF-844C-039EBEE70F54}.Beta Lite|Any CPU.ActiveCfg = Release|Win32
		{87FD47EF-93EA-45EF-844C-039EBEE70F54}.Beta Lite|Mixed Platforms.ActiveCfg = Release|Win32
		{87FD47EF-93EA-45EF-844C-039EBEE70F54}.Beta Lite|Mixed Platforms.Build.0 = Release|Win32
		{87FD47EF-93EA-45EF-844C-039EBEE70F54}.Beta Lite|Win32.ActiveCfg = Release|Win32
		{87FD47EF-93EA-45EF-844C-039EBEE70F54}.Beta Lite|Win32.Build.0 = Release|Win32
		{87FD47EF-93EA-45EF-844C-039EBEE70F54}.Beta|Any CPU.ActiveCfg = Release|Win32
		{87FD47EF-93EA-45EF-844C-039EBEE70F54}.Beta|Mixed Platforms.ActiveCfg = Release|Win32
		{87FD47EF-93EA-45EF-844C-039EBEE70F54}.Beta|Mixed Platforms.Build.0 = Release|Win32
		{87FD47EF-93EA-45EF-844C-039EBEE70F54}.Beta|Win32.ActiveCfg = Release|Win32
		{87FD47EF-93EA-45EF-844C-039EBEE70F54}.Debug Lite|Any CPU.ActiveCfg = Debug|Win32
		{87FD47EF-93EA-45EF-844C-039EBEE70F54}.Debug Lite|Mixed Platforms.ActiveCfg = Debug|Win32
		{87FD47EF-93EA-45EF-844C-039EBEE70F54}.Debug Lite|Mixed Platforms.Build.0 = Debug|Win32
		{87FD47EF-93EA-45EF-844C-039EBEE70F54}.Debug Lite|Win32.ActiveCfg = Debug|Win32
		{87FD47EF-93EA-45EF-844C-039EBEE70F54}.Debug Lite|Win32.Build.0 = Debug|Win32
		{87FD47EF-93EA-45EF-844C-039EBEE70F54}.Debug|Any CPU.ActiveCfg = Debug|Win32
		{87FD47EF-93EA-45EF-844C-039EBEE70F54}.Debug|Mixed Platforms.ActiveCfg = Debug|Win32
		{87FD47EF-93EA-45EF-844C-039EBEE70F54}.Debug|Mixed Platforms.Build.0 = Debug|Win32
		{87FD47EF-93EA-45EF-844C-039EBEE70F54}.Debug|Win32.ActiveCfg = Debug|Win32
		{87FD47EF-93EA-45EF-844C-039EBEE70F54}.Debug|Win32.Build.0 = Debug|Win32
		{87FD47EF-93EA-45EF-844C-039EBEE70F54}.Release Lite|Any CPU.ActiveCfg = Release|Win32
		{87FD47EF-93EA-45EF-844C-039EBEE70F54}.Release Lite|Mixed Platforms.ActiveCfg = Release|Win32
		{87FD47EF-93EA-45EF-844C-039EBEE70F54}.Release Lite|Mixed Platforms.Build.0 = Release|Win32
		{87FD47EF-93EA-45EF-844C-039EBEE70F54}.Release Lite|Win32.ActiveCfg = Release|Win32
		{87FD47EF-93EA-45EF-844C-039EBEE70F54}.Release Lite|Win32.Build.0 = Release|Win32
		{87FD47EF-93EA-45EF-844C-039EBEE70F54}.Release|Any CPU.ActiveCfg = Release|Win32
		{87FD47EF-93EA-45EF-844C-039EBEE70F54}.Release|Mixed Platforms.ActiveCfg = Release|Win32
		{87FD47EF-93EA-45EF-844C-039EBEE70F54}.Release|Mixed Platforms.Build.0 = Release|Win32
		{87FD47EF-93EA-45EF-844C-039EBEE70F54}.Release|Win32.ActiveCfg = Release|Win32
		{87FD47EF-93EA-45EF-844C-039EBEE70F54}.Release|Win32.Build.0 = Release|Win32
		{E62116A3-5656-48D6-A82B-14737A213051}.Beta Lite|Any CPU.ActiveCfg = Release|Win32
		{E62116A3-5656-48D6-A82B-14737A213051}.Beta Lite|Mixed Platforms.ActiveCfg = Release|Win32
		{E62116A3-5656-48D6-A82B-14737A213051}.Beta Lite|Mixed Platforms.Build.0 = Release|Win32
		{E62116A3-5656-48D6-A82B-14737A213051}.Beta Lite|Win32.ActiveCfg = Release|Win32
		{E62116A3-5656-48D6-A82B-14737A213051}.Beta Lite|Win32.Build.0 = Release|Win32
		{E62116A3-5656-48D6-A82B-14737A213051}.Beta|Any CPU.ActiveCfg = Release|Win32
		{E62116A3-5656-48D6-A82B-14737A213051}.Beta|Mixed Platforms.ActiveCfg = Release|Win32
		{E62116A3-5656-48D6-A82B-14737A213051}.Beta|Mixed Platforms.Build.0 = Release|Win32
		{E62116A3-5656-48D6-A82B-14737A213051}.Beta|Win32.ActiveCfg = Release|Win32
		{E62116A3-5656-48D6-A82B-14737A213051}.Beta|Win32.Build.0 = Release|Win32
		{E62116A3-5656-48D6-A82B-14737A213051}.Debug Lite|Any CPU.ActiveCfg = Debug|Win32
		{E62116A3-5656-48D6-A82B-14737A213051}.Debug Lite|Mixed Platforms.ActiveCfg = Debug|Win32
		{E62116A3-5656-48D6-A82B-14737A213051}.Debug Lite|Mixed Platforms.Build.0 = Debug|Win32
		{E62116A3-5656-48D6-A82B-14737A213051}.Debug Lite|Win32.ActiveCfg = Debug|Win32
		{E62116A3-5656-48D6-A82B-14737A213051}.Debug Lite|Win32.Build.0 = Debug|Win32
		{E62116A3-5656-48D6-A82B-14737A213051}.Debug|Any CPU.ActiveCfg = Debug|Win32
		{E62116A3-5656-48D6-A82B-14737A213051}.Debug|Mixed Platforms.ActiveCfg = Debug|Win32
		{E62116A3-5656-48D6-A82B-14737A213051}.Debug|Mixed Platforms.Build.0 = Debug|Win32
		{E62116A3-5656-48D6-A82B-14737A213051}.Debug|Win32.ActiveCfg = Debug|Win32
		{E62116A3-5656-48D6-A82B-14737A213051}.Debug|Win32.Build.0 = Debug|Win32
		{E62116A3-5656-48D6-A82B-14737A213051}.Release Lite|Any CPU.ActiveCfg = Release|Win32
		{E62116A3-5656-48D6-A82B-14737A213051}.Release Lite|Mixed Platforms.ActiveCfg = Release|Win32
		{E62116A3-5656-48D6-A82B-14737A213051}.Release Lite|Mixed Platforms.Build.0 = Release|Win32
		{E62116A3-5656-48D6-A82B-14737A213051}.Release Lite|Win32.ActiveCfg = Release|Win32
		{E62116A3-5656-48D6-A82B-14737A213051}.Release Lite|Win32.Build.0 = Release|Win32
		{E62116A3-5656-48D6-A82B-14737A213051}.Release|Any CPU.ActiveCfg = Release|Win32
		{E62116A3-5656-48D6-A82B-14737A213051}.Release|Mixed Platforms.ActiveCfg = Release|Win32
		{E62116A3-5656-48D6-A82B-14737A213051}.Release|Mixed Platforms.Build.0 = Release|Win32
		{E62116A3-5656-48D6-A82B-14737A213051}.Release|Win32.ActiveCfg = Release|Win32
		{E62116A3-5656-48D6-A82B-14737A213051}.Release|Win32.Build.0 = Release|Win32
		{FB1096FA-73E6-4D18-830D-ACBE6E5ACB1F}.Beta Lite|Any CPU.ActiveCfg = Release|Win32
		{FB1096FA-73E6-4D18-830D-ACBE6E5ACB1F}.Beta Lite|Mixed Platforms.ActiveCfg = Release|Win32
		{FB1096FA-73E6-4D18-830D-ACBE6E5ACB1F}.Beta Lite|Mixed Platforms.Build.0 = Release|Win32
		{FB1096FA-73E6-4D18-830D-ACBE6E5ACB1F}.Beta Lite|Win32.ActiveCfg = Release|Win32
		{FB1096FA-73E6-4D18-830D-ACBE6E5ACB1F}.Beta Lite|Win32.Build.0 = Release|Win32
		{FB1096FA-73E6-4D18-830D-ACBE6E5ACB1F}.Beta|Any CPU.ActiveCfg = Release|Win32
		{FB1096FA-73E6-4D18-830D-ACBE6E5ACB1F}.Beta|Mixed Platforms.ActiveCfg = Release|Win32
		{FB1096FA-73E6-4D18-830D-ACBE6E5ACB1F}.Beta|Mixed Platforms.Build.0 = Release|Win32
		{FB1096FA-73E6-4D18-830D-ACBE6E5ACB1F}.Beta|Win32.ActiveCfg = Release|Win32
		{FB1096FA-73E6-4D18-830D-ACBE6E5ACB1F}.Beta|Win32.Build.0 = Release|Win32
		{FB1096FA-73E6-4D18-830D-ACBE6E5ACB1F}.Debug Lite|Any CPU.ActiveCfg = Debug|Win32
		{FB1096FA-73E6-4D18-830D-ACBE6E5ACB1F}.Debug Lite|Mixed Platforms.ActiveCfg = Debug|Win32
		{FB1096FA-73E6-4D18-830D-ACBE6E5ACB1F}.Debug Lite|Mixed Platforms.Build.0 = Debug|Win32
		{FB1096FA-73E6-4D18-830D-ACBE6E5ACB1F}.Debug Lite|Win32.ActiveCfg = Debug|Win32
		{FB1096FA-73E6-4D18-830D-ACBE6E5ACB1F}.Debug Lite|Win32.Build.0 = Debug|Win32
		{FB1096FA-73E6-4D18-830D-ACBE6E5ACB1F}.Debug|Any CPU.ActiveCfg = Debug|Win32
		{FB1096FA-73E6-4D18-830D-ACBE6E5ACB1F}.Debug|Mixed Platforms.ActiveCfg = Debug|Win32
		{FB1096FA-73E6-4D18-830D-ACBE6E5ACB1F}.Debug|Mixed Platforms.Build.0 = Debug|Win32
		{FB1096FA-73E6-4D18-830D-ACBE6E5ACB1F}.Debug|Win32.ActiveCfg = Debug|Win32
		{FB1096FA-73E6-4D18-830D-ACBE6E5ACB1F}.Debug|Win32.Build.0 = Debug|Win32
		{FB1096FA-73E6-4D18-830D-ACBE6E5ACB1F}.Release Lite|Any CPU.ActiveCfg = Release|Win32
		{FB1096FA-73E6-4D18-830D-ACBE6E5ACB1F}.Release Lite|Mixed Platforms.ActiveCfg = Release|Win32
		{FB1096FA-73E6-4D18-830D-ACBE6E5ACB1F}.Release Lite|Mixed Platforms.Build.0 = Release|Win32
		{FB1096FA-73E6-4D18-830D-ACBE6E5ACB1F}.Release Lite|Win32.ActiveCfg = Release|Win32
		{FB1096FA-73E6-4D18-830D-ACBE6E5ACB1F}.Release Lite|Win32.Build.0 = Release|Win32
		{FB1096FA-73E6-4D18-830D-ACBE6E5ACB1F}.Release|Any CPU.ActiveCfg = Release|Win32
		{FB1096FA-73E6-4D18-830D-ACBE6E5ACB1F}.Release|Mixed Platforms.ActiveCfg = Release|Win32
		{FB1096FA-73E6-4D18-830D-ACBE6E5ACB1F}.Release|Mixed Platforms.Build.0 = Release|Win32
		{FB1096FA-73E6-4D18-830D-ACBE6E5ACB1F}.Release|Win32.ActiveCfg = Release|Win32
		{FB1096FA-73E6-4D18-830D-ACBE6E5ACB1F}.Release|Win32.Build.0 = Release|Win32
		{EA80B3CB-2E6F-41E5-9A2A-D773680365AB}.Beta Lite|Any CPU.ActiveCfg = Release|Win32
		{EA80B3CB-2E6F-41E5-9A2A-D773680365AB}.Beta Lite|Mixed Platforms.ActiveCfg = Release|Win32
		{EA80B3CB-2E6F-41E5-9A2A-D773680365AB}.Beta Lite|Mixed Platforms.Build.0 = Release|Win32
		{EA80B3CB-2E6F-41E5-9A2A-D773680365AB}.Beta Lite|Win32.ActiveCfg = Release|Win32
		{EA80B3CB-2E6F-41E5-9A2A-D773680365AB}.Beta Lite|Win32.Build.0 = Release|Win32
		{EA80B3CB-2E6F-41E5-9A2A-D773680365AB}.Beta|Any CPU.ActiveCfg = Release|Win32
		{EA80B3CB-2E6F-41E5-9A2A-D773680365AB}.Beta|Mixed Platforms.ActiveCfg = Release|Win32
		{EA80B3CB-2E6F-41E5-9A2A-D773680365AB}.Beta|Mixed Platforms.Build.0 = Release|Win32
		{EA80B3CB-2E6F-41E5-9A2A-D773680365AB}.Beta|Win32.ActiveCfg = Release|Win32
		{EA80B3CB-2E6F-41E5-9A2A-D773680365AB}.Beta|Win32.Build.0 = Release|Win32
		{EA80B3CB-2E6F-41E5-9A2A-D773680365AB}.Debug Lite|Any CPU.ActiveCfg = Debug|Win32
		{EA80B3CB-2E6F-41E5-9A2A-D773680365AB}.Debug Lite|Mixed Platforms.ActiveCfg = Debug|Win32
		{EA80B3CB-2E6F-41E5-9A2A-D773680365AB}.Debug Lite|Mixed Platforms.Build.0 = Debug|Win32
		{EA80B3CB-2E6F-41E5-9A2A-D773680365AB}.Debug Lite|Win32.ActiveCfg = Debug|Win32
		{EA80B3CB-2E6F-41E5-9A2A-D773680365AB}.Debug Lite|Win32.Build.0 = Debug|Win32
		{EA80B3CB-2E6F-41E5-9A2A-D773680365AB}.Debug|Any CPU.ActiveCfg = Debug|Win32
		{EA80B3CB-2E6F-41E5-9A2A-D773680365AB}.Debug|Mixed Platforms.ActiveCfg = Debug|Win32
		{EA80B3CB-2E6F-41E5-9A2A-D773680365AB}.Debug|Mixed Platforms.Build.0 = Debug|Win32
		{EA80B3CB-2E6F-41E5-9A2A-D773680365AB}.Debug|Win32.ActiveCfg = Debug|Win32
		{EA80B3CB-2E6F-41E5-9A2A-D773680365AB}.Debug|Win32.Build.0 = Debug|Win32
		{EA80B3CB-2E6F-41E5-9A2A-D773680365AB}.Release Lite|Any CPU.ActiveCfg = Release|Win32
		{EA80B3CB-2E6F-41E5-9A2A-D773680365AB}.Release Lite|Mixed Platforms.ActiveCfg = Release|Win32
		{EA80B3CB-2E6F-41E5-9A2A-D773680365AB}.Release Lite|Mixed Platforms.Build.0 = Release|Win32
		{EA80B3CB-2E6F-41E5-9A2A-D773680365AB}.Release Lite|Win32.ActiveCfg = Release|Win32
		{EA80B3CB-2E6F-41E5-9A2A-D773680365AB}.Release Lite|Win32.Build.0 = Release|Win32
		{EA80B3CB-2E6F-41E5-9A2A-D773680365AB}.Release|Any CPU.ActiveCfg = Release|Win32
		{EA80B3CB-2E6F-41E5-9A2A-D773680365AB}.Release|Mixed Platforms.ActiveCfg = Release|Win32
		{EA80B3CB-2E6F-41E5-9A2A-D773680365AB}.Release|Mixed Platforms.Build.0 = Release|Win32
		{EA80B3CB-2E6F-41E5-9A2A-D773680365AB}.Release|Win32.ActiveCfg = Release|Win32
		{EA80B3CB-2E6F-41E5-9A2A-D773680365AB}.Release|Win32.Build.0 = Release|Win32
		{052F027A-63A7-4326-BD0B-EE078DB1A9B3}.Beta Lite|Any CPU.ActiveCfg = Release|Win32
		{052F027A-63A7-4326-BD0B-EE078DB1A9B3}.Beta Lite|Mixed Platforms.ActiveCfg = Release|Win32
		{052F027A-63A7-4326-BD0B-EE078DB1A9B3}.Beta Lite|Mixed Platforms.Build.0 = Release|Win32
		{052F027A-63A7-4326-BD0B-EE078DB1A9B3}.Beta Lite|Win32.ActiveCfg = Release|Win32
		{052F027A-63A7-4326-BD0B-EE078DB1A9B3}.Beta Lite|Win32.Build.0 = Release|Win32
		{052F027A-63A7-4326-BD0B-EE078DB1A9B3}.Beta|Any CPU.ActiveCfg = Release|Win32
		{052F027A-63A7-4326-BD0B-EE078DB1A9B3}.Beta|Mixed Platforms.ActiveCfg = Release|Win32
		{052F027A-63A7-4326-BD0B-EE078DB1A9B3}.Beta|Mixed Platforms.Build.0 = Release|Win32
		{052F027A-63A7-4326-BD0B-EE078DB1A9B3}.Beta|Win32.ActiveCfg = Release|Win32
		{052F027A-63A7-4326-BD0B-EE078DB1A9B3}.Beta|Win32.Build.0 = Release|Win32
		{052F027A-63A7-4326-BD0B-EE078DB1A9B3}.Debug Lite|Any CPU.ActiveCfg = Debug|Win32
		{052F027A-63A7-4326-BD0B-EE078DB1A9B3}.Debug Lite|Mixed Platforms.ActiveCfg = Debug|Win32
		{052F027A-63A7-4326-BD0B-EE078DB1A9B3}.Debug Lite|Mixed Platforms.Build.0 = Debug|Win32
		{052F027A-63A7-4326-BD0B-EE078DB1A9B3}.Debug Lite|Win32.ActiveCfg = Debug|Win32
		{052F027A-63A7-4326-BD0B-EE078DB1A9B3}.Debug Lite|Win32.Build.0 = Debug|Win32
		{052F027A-63A7-4326-BD0B-EE078DB1A9B3}.Debug|Any CPU.ActiveCfg = Debug|Win32
		{052F027A-63A7-4326-BD0B-EE078DB1A9B3}.Debug|Mixed Platforms.ActiveCfg = Debug|Win32
		{052F027A-63A7-4326-BD0B-EE078DB1A9B3}.Debug|Mixed Platforms.Build.0 = Debug|Win32
		{052F027A-63A7-4326-BD0B-EE078DB1A9B3}.Debug|Win32.ActiveCfg = Debug|Win32
		{052F027A-63A7-4326-BD0B-EE078DB1A9B3}.Debug|Win32.Build.0 = Debug|Win32
		{052F027A-63A7-4326-BD0B-EE078DB1A9B3}.Release Lite|Any CPU.ActiveCfg = Release|Win32
		{052F027A-63A7-4326-BD0B-EE078DB1A9B3}.Release Lite|Mixed Platforms.ActiveCfg = Release|Win32
		{052F027A-63A7-4326-BD0B-EE078DB1A9B3}.Release Lite|Mixed Platforms.Build.0 = Release|Win32
		{052F027A-63A7-4326-BD0B-EE078DB1A9B3}.Release Lite|Win32.ActiveCfg = Release|Win32
		{052F027A-63A7-4326-BD0B-EE078DB1A9B3}.Release Lite|Win32.Build.0 = Release|Win32
		{052F027A-63A7-4326-BD0B-EE078DB1A9B3}.Release|Any CPU.ActiveCfg = Release|Win32
		{052F027A-63A7-4326-BD0B-EE078DB1A9B3}.Release|Mixed Platforms.ActiveCfg = Release|Win32
		{052F027A-63A7-4326-BD0B-EE078DB1A9B3}.Release|Mixed Platforms.Build.0 = Release|Win32
		{052F027A-63A7-4326-BD0B-EE078DB1A9B3}.Release|Win32.ActiveCfg = Release|Win32
		{052F027A-63A7-4326-BD0B-EE078DB1A9B3}.Release|Win32.Build.0 = Release|Win32
		{22600D47-7CED-4D82-9CF9-3953FAA28346}.Beta Lite|Any CPU.ActiveCfg = Release|Win32
		{22600D47-7CED-4D82-9CF9-3953FAA28346}.Beta Lite|Mixed Platforms.ActiveCfg = Release|Win32
		{22600D47-7CED-4D82-9CF9-3953FAA28346}.Beta Lite|Mixed Platforms.Build.0 = Release|Win32
		{22600D47-7CED-4D82-9CF9-3953FAA28346}.Beta Lite|Win32.ActiveCfg = Release|Win32
		{22600D47-7CED-4D82-9CF9-3953FAA28346}.Beta Lite|Win32.Build.0 = Release|Win32
		{22600D47-7CED-4D82-9CF9-3953FAA28346}.Beta|Any CPU.ActiveCfg = Release|Win32
		{22600D47-7CED-4D82-9CF9-3953FAA28346}.Beta|Mixed Platforms.ActiveCfg = Release|Win32
		{22600D47-7CED-4D82-9CF9-3953FAA28346}.Beta|Mixed Platforms.Build.0 = Release|Win32
		{22600D47-7CED-4D82-9CF9-3953FAA28346}.Beta|Win32.ActiveCfg = Release|Win32
		{22600D47-7CED-4D82-9CF9-3953FAA28346}.Beta|Win32.Build.0 = Release|Win32
		{22600D47-7CED-4D82-9CF9-3953FAA28346}.Debug Lite|Any CPU.ActiveCfg = Debug|Win32
		{22600D47-7CED-4D82-9CF9-3953FAA28346}.Debug Lite|Mixed Platforms.ActiveCfg = Debug|Win32
		{22600D47-7CED-4D82-9CF9-3953FAA28346}.Debug Lite|Mixed Platforms.Build.0 = Debug|Win32
		{22600D47-7CED-4D82-9CF9-3953FAA28346}.Debug Lite|Win32.ActiveCfg = Debug|Win32
		{22600D47-7CED-4D82-9CF9-3953FAA28346}.Debug Lite|Win32.Build.0 = Debug|Win32
		{22600D47-7CED-4D82-9CF9-3953FAA28346}.Debug|Any CPU.ActiveCfg = Debug|Win32
		{22600D47-7CED-4D82-9CF9-3953FAA28346}.Debug|Mixed Platforms.ActiveCfg = Debug|Win32
		{22600D47-7CED-4D82-9CF9-3953FAA28346}.Debug|Mixed Platforms.Build.0 = Debug|Win32
		{22600D47-7CED-4D82-9CF9-3953FAA28346}.Debug|Win32.ActiveCfg = Debug|Win32
		{22600D47-7CED-4D82-9CF9-3953FAA28346}.Debug|Win32.Build.0 = Debug|Win32
		{22600D47-7CED-4D82-9CF9-3953FAA28346}.Release Lite|Any CPU.ActiveCfg = Release|Win32
		{22600D47-7CED-4D82-9CF9-3953FAA28346}.Release Lite|Mixed Platforms.ActiveCfg = Release|Win32
		{22600D47-7CED-4D82-9CF9-3953FAA28346}.Release Lite|Mixed Platforms.Build.0 = Release|Win32
		{22600D47-7CED-4D82-9CF9-3953FAA28346}.Release Lite|Win32.ActiveCfg = Release|Win32
		{22600D47-7CED-4D82-9CF9-3953FAA28346}.Release Lite|Win32.Build.0 = Release|Win32
		{22600D47-7CED-4D82-9CF9-3953FAA28346}.Release|Any CPU.ActiveCfg = Release|Win32
		{22600D47-7CED-4D82-9CF9-3953FAA28346}.Release|Mixed Platforms.ActiveCfg = Release|Win32
		{22600D47-7CED-4D82-9CF9-3953FAA28346}.Release|Mixed Platforms.Build.0 = Release|Win32
		{22600D47-7CED-4D82-9CF9-3953FAA28346}.Release|Win32.ActiveCfg = Release|Win32
		{22600D47-7CED-4D82-9CF9-3953FAA28346}.Release|Win32.Build.0 = Release|Win32
		{35483E8E-A713-4D31-A8F4-EE4CB0385F97}.Beta Lite|Any CPU.ActiveCfg = Release|Any CPU
		{35483E8E-A713-4D31-A8F4-EE4CB0385F97}.Beta Lite|Any CPU.Build.0 = Release|Any CPU
		{35483E8E-A713-4D31-A8F4-EE4CB0385F97}.Beta Lite|Mixed Platforms.ActiveCfg = Release|Any CPU
		{35483E8E-A713-4D31-A8F4-EE4CB0385F97}.Beta Lite|Mixed Platforms.Build.0 = Release|Any CPU
		{35483E8E-A713-4D31-A8F4-EE4CB0385F97}.Beta Lite|Win32.ActiveCfg = Release|Any CPU
		{35483E8E-A713-4D31-A8F4-EE4CB0385F97}.Beta|Any CPU.ActiveCfg = Release|Any CPU
		{35483E8E-A713-4D31-A8F4-EE4CB0385F97}.Beta|Any CPU.Build.0 = Release|Any CPU
		{35483E8E-A713-4D31-A8F4-EE4CB0385F97}.Beta|Mixed Platforms.ActiveCfg = Release|Any CPU
		{35483E8E-A713-4D31-A8F4-EE4CB0385F97}.Beta|Mixed Platforms.Build.0 = Release|Any CPU
		{35483E8E-A713-4D31-A8F4-EE4CB0385F97}.Beta|Win32.ActiveCfg = Release|Any CPU
		{35483E8E-A713-4D31-A8F4-EE4CB0385F97}.Debug Lite|Any CPU.ActiveCfg = Debug|Any CPU
		{35483E8E-A713-4D31-A8F4-EE4CB0385F97}.Debug Lite|Any CPU.Build.0 = Debug|Any CPU
		{35483E8E-A713-4D31-A8F4-EE4CB0385F97}.Debug Lite|Mixed Platforms.ActiveCfg = Debug|Any CPU
		{35483E8E-A713-4D31-A8F4-EE4CB0385F97}.Debug Lite|Mixed Platforms.Build.0 = Debug|Any CPU
		{35483E8E-A713-4D31-A8F4-EE4CB0385F97}.Debug Lite|Win32.ActiveCfg = Debug|Any CPU
		{35483E8E-A713-4D31-A8F4-EE4CB0385F97}.Debug|Any CPU.ActiveCfg = Debug|Any CPU
		{35483E8E-A713-4D31-A8F4-EE4CB0385F97}.Debug|Any CPU.Build.0 = Debug|Any CPU
		{35483E8E-A713-4D31-A8F4-EE4CB0385F97}.Debug|Mixed Platforms.ActiveCfg = Debug|Any CPU
		{35483E8E-A713-4D31-A8F4-EE4CB0385F97}.Debug|Mixed Platforms.Build.0 = Debug|Any CPU
		{35483E8E-A713-4D31-A8F4-EE4CB0385F97}.Debug|Win32.ActiveCfg = Debug|Any CPU
		{35483E8E-A713-4D31-A8F4-EE4CB0385F97}.Release Lite|Any CPU.ActiveCfg = Release|Any CPU
		{35483E8E-A713-4D31-A8F4-EE4CB0385F97}.Release Lite|Any CPU.Build.0 = Release|Any CPU
		{35483E8E-A713-4D31-A8F4-EE4CB0385F97}.Release Lite|Mixed Platforms.ActiveCfg = Release|Any CPU
		{35483E8E-A713-4D31-A8F4-EE4CB0385F97}.Release Lite|Mixed Platforms.Build.0 = Release|Any CPU
		{35483E8E-A713-4D31-A8F4-EE4CB0385F97}.Release Lite|Win32.ActiveCfg = Release|Any CPU
		{35483E8E-A713-4D31-A8F4-EE4CB0385F97}.Release|Any CPU.ActiveCfg = Release|Any CPU
		{35483E8E-A713-4D31-A8F4-EE4CB0385F97}.Release|Any CPU.Build.0 = Release|Any CPU
		{35483E8E-A713-4D31-A8F4-EE4CB0385F97}.Release|Mixed Platforms.ActiveCfg = Release|Any CPU
		{35483E8E-A713-4D31-A8F4-EE4CB0385F97}.Release|Mixed Platforms.Build.0 = Release|Any CPU
		{35483E8E-A713-4D31-A8F4-EE4CB0385F97}.Release|Win32.ActiveCfg = Release|Any CPU
		{8F5BEB39-CB8D-4D9F-9680-83B0E735CF8C}.Beta Lite|Any CPU.ActiveCfg = Release|Win32
		{8F5BEB39-CB8D-4D9F-9680-83B0E735CF8C}.Beta Lite|Mixed Platforms.ActiveCfg = Release|Win32
		{8F5BEB39-CB8D-4D9F-9680-83B0E735CF8C}.Beta Lite|Mixed Platforms.Build.0 = Release|Win32
		{8F5BEB39-CB8D-4D9F-9680-83B0E735CF8C}.Beta Lite|Win32.ActiveCfg = Release|Win32
		{8F5BEB39-CB8D-4D9F-9680-83B0E735CF8C}.Beta Lite|Win32.Build.0 = Release|Win32
		{8F5BEB39-CB8D-4D9F-9680-83B0E735CF8C}.Beta|Any CPU.ActiveCfg = Release|Win32
		{8F5BEB39-CB8D-4D9F-9680-83B0E735CF8C}.Beta|Mixed Platforms.ActiveCfg = Release|Win32
		{8F5BEB39-CB8D-4D9F-9680-83B0E735CF8C}.Beta|Mixed Platforms.Build.0 = Release|Win32
		{8F5BEB39-CB8D-4D9F-9680-83B0E735CF8C}.Beta|Win32.ActiveCfg = Release|Win32
		{8F5BEB39-CB8D-4D9F-9680-83B0E735CF8C}.Beta|Win32.Build.0 = Release|Win32
		{8F5BEB39-CB8D-4D9F-9680-83B0E735CF8C}.Debug Lite|Any CPU.ActiveCfg = Debug|Win32
		{8F5BEB39-CB8D-4D9F-9680-83B0E735CF8C}.Debug Lite|Mixed Platforms.ActiveCfg = Debug|Win32
		{8F5BEB39-CB8D-4D9F-9680-83B0E735CF8C}.Debug Lite|Mixed Platforms.Build.0 = Debug|Win32
		{8F5BEB39-CB8D-4D9F-9680-83B0E735CF8C}.Debug Lite|Win32.ActiveCfg = Debug|Win32
		{8F5BEB39-CB8D-4D9F-9680-83B0E735CF8C}.Debug Lite|Win32.Build.0 = Debug|Win32
		{8F5BEB39-CB8D-4D9F-9680-83B0E735CF8C}.Debug|Any CPU.ActiveCfg = Debug|Win32
		{8F5BEB39-CB8D-4D9F-9680-83B0E735CF8C}.Debug|Mixed Platforms.ActiveCfg = Debug|Win32
		{8F5BEB39-CB8D-4D9F-9680-83B0E735CF8C}.Debug|Mixed Platforms.Build.0 = Debug|Win32
		{8F5BEB39-CB8D-4D9F-9680-83B0E735CF8C}.Debug|Win32.ActiveCfg = Debug|Win32
		{8F5BEB39-CB8D-4D9F-9680-83B0E735CF8C}.Debug|Win32.Build.0 = Debug|Win32
		{8F5BEB39-CB8D-4D9F-9680-83B0E735CF8C}.Release Lite|Any CPU.ActiveCfg = Release|Win32
		{8F5BEB39-CB8D-4D9F-9680-83B0E735CF8C}.Release Lite|Mixed Platforms.ActiveCfg = Release|Win32
		{8F5BEB39-CB8D-4D9F-9680-83B0E735CF8C}.Release Lite|Mixed Platforms.Build.0 = Release|Win32
		{8F5BEB39-CB8D-4D9F-9680-83B0E735CF8C}.Release Lite|Win32.ActiveCfg = Release|Win32
		{8F5BEB39-CB8D-4D9F-9680-83B0E735CF8C}.Release Lite|Win32.Build.0 = Release|Win32
		{8F5BEB39-CB8D-4D9F-9680-83B0E735CF8C}.Release|Any CPU.ActiveCfg = Release|Win32
		{8F5BEB39-CB8D-4D9F-9680-83B0E735CF8C}.Release|Mixed Platforms.ActiveCfg = Release|Win32
		{8F5BEB39-CB8D-4D9F-9680-83B0E735CF8C}.Release|Mixed Platforms.Build.0 = Release|Win32
		{8F5BEB39-CB8D-4D9F-9680-83B0E735CF8C}.Release|Win32.ActiveCfg = Release|Win32
		{8F5BEB39-CB8D-4D9F-9680-83B0E735CF8C}.Release|Win32.Build.0 = Release|Win32
		{130C1EB9-48D5-4BF6-A1E8-AB746408340F}.Beta Lite|Any CPU.ActiveCfg = Release|Win32
		{130C1EB9-48D5-4BF6-A1E8-AB746408340F}.Beta Lite|Mixed Platforms.ActiveCfg = Release|Win32
		{130C1EB9-48D5-4BF6-A1E8-AB746408340F}.Beta Lite|Mixed Platforms.Build.0 = Release|Win32
		{130C1EB9-48D5-4BF6-A1E8-AB746408340F}.Beta Lite|Win32.ActiveCfg = Release|Win32
		{130C1EB9-48D5-4BF6-A1E8-AB746408340F}.Beta Lite|Win32.Build.0 = Release|Win32
		{130C1EB9-48D5-4BF6-A1E8-AB746408340F}.Beta|Any CPU.ActiveCfg = Release|Win32
		{130C1EB9-48D5-4BF6-A1E8-AB746408340F}.Beta|Mixed Platforms.ActiveCfg = Release|Win32
		{130C1EB9-48D5-4BF6-A1E8-AB746408340F}.Beta|Mixed Platforms.Build.0 = Release|Win32
		{130C1EB9-48D5-4BF6-A1E8-AB746408340F}.Beta|Win32.ActiveCfg = Release|Win32
		{130C1EB9-48D5-4BF6-A1E8-AB746408340F}.Beta|Win32.Build.0 = Release|Win32
		{130C1EB9-48D5-4BF6-A1E8-AB746408340F}.Debug Lite|Any CPU.ActiveCfg = Debug|Win32
		{130C1EB9-48D5-4BF6-A1E8-AB746408340F}.Debug Lite|Mixed Platforms.ActiveCfg = Debug|Win32
		{130C1EB9-48D5-4BF6-A1E8-AB746408340F}.Debug Lite|Mixed Platforms.Build.0 = Debug|Win32
		{130C1EB9-48D5-4BF6-A1E8-AB746408340F}.Debug Lite|Win32.ActiveCfg = Debug|Win32
		{130C1EB9-48D5-4BF6-A1E8-AB746408340F}.Debug Lite|Win32.Build.0 = Debug|Win32
		{130C1EB9-48D5-4BF6-A1E8-AB746408340F}.Debug|Any CPU.ActiveCfg = Debug|Win32
		{130C1EB9-48D5-4BF6-A1E8-AB746408340F}.Debug|Mixed Platforms.ActiveCfg = Debug|Win32
		{130C1EB9-48D5-4BF6-A1E8-AB746408340F}.Debug|Mixed Platforms.Build.0 = Debug|Win32
		{130C1EB9-48D5-4BF6-A1E8-AB746408340F}.Debug|Win32.ActiveCfg = Debug|Win32
		{130C1EB9-48D5-4BF6-A1E8-AB746408340F}.Debug|Win32.Build.0 = Debug|Win32
		{130C1EB9-48D5-4BF6-A1E8-AB746408340F}.Release Lite|Any CPU.ActiveCfg = Release|Win32
		{130C1EB9-48D5-4BF6-A1E8-AB746408340F}.Release Lite|Mixed Platforms.ActiveCfg = Release|Win32
		{130C1EB9-48D5-4BF6-A1E8-AB746408340F}.Release Lite|Mixed Platforms.Build.0 = Release|Win32
		{130C1EB9-48D5-4BF6-A1E8-AB746408340F}.Release Lite|Win32.ActiveCfg = Release|Win32
		{130C1EB9-48D5-4BF6-A1E8-AB746408340F}.Release Lite|Win32.Build.0 = Release|Win32
		{130C1EB9-48D5-4BF6-A1E8-AB746408340F}.Release|Any CPU.ActiveCfg = Release|Win32
		{130C1EB9-48D5-4BF6-A1E8-AB746408340F}.Release|Mixed Platforms.ActiveCfg = Release|Win32
		{130C1EB9-48D5-4BF6-A1E8-AB746408340F}.Release|Mixed Platforms.Build.0 = Release|Win32
		{130C1EB9-48D5-4BF6-A1E8-AB746408340F}.Release|Win32.ActiveCfg = Release|Win32
		{130C1EB9-48D5-4BF6-A1E8-AB746408340F}.Release|Win32.Build.0 = Release|Win32
		{476D2C40-1D3F-4DB5-8BB3-11D2C725A2AB}.Beta Lite|Any CPU.ActiveCfg = Release|Win32
		{476D2C40-1D3F-4DB5-8BB3-11D2C725A2AB}.Beta Lite|Mixed Platforms.ActiveCfg = Release|Win32
		{476D2C40-1D3F-4DB5-8BB3-11D2C725A2AB}.Beta Lite|Mixed Platforms.Build.0 = Release|Win32
		{476D2C40-1D3F-4DB5-8BB3-11D2C725A2AB}.Beta Lite|Win32.ActiveCfg = Release|Win32
		{476D2C40-1D3F-4DB5-8BB3-11D2C725A2AB}.Beta Lite|Win32.Build.0 = Release|Win32
		{476D2C40-1D3F-4DB5-8BB3-11D2C725A2AB}.Beta|Any CPU.ActiveCfg = Release|Win32
		{476D2C40-1D3F-4DB5-8BB3-11D2C725A2AB}.Beta|Mixed Platforms.ActiveCfg = Release|Win32
		{476D2C40-1D3F-4DB5-8BB3-11D2C725A2AB}.Beta|Mixed Platforms.Build.0 = Release|Win32
		{476D2C40-1D3F-4DB5-8BB3-11D2C725A2AB}.Beta|Win32.ActiveCfg = Release|Win32
		{476D2C40-1D3F-4DB5-8BB3-11D2C725A2AB}.Beta|Win32.Build.0 = Release|Win32
		{476D2C40-1D3F-4DB5-8BB3-11D2C725A2AB}.Debug Lite|Any CPU.ActiveCfg = Debug|Win32
		{476D2C40-1D3F-4DB5-8BB3-11D2C725A2AB}.Debug Lite|Mixed Platforms.ActiveCfg = Debug|Win32
		{476D2C40-1D3F-4DB5-8BB3-11D2C725A2AB}.Debug Lite|Mixed Platforms.Build.0 = Debug|Win32
		{476D2C40-1D3F-4DB5-8BB3-11D2C725A2AB}.Debug Lite|Win32.ActiveCfg = Debug|Win32
		{476D2C40-1D3F-4DB5-8BB3-11D2C725A2AB}.Debug Lite|Win32.Build.0 = Debug|Win32
		{476D2C40-1D3F-4DB5-8BB3-11D2C725A2AB}.Debug|Any CPU.ActiveCfg = Debug|Win32
		{476D2C40-1D3F-4DB5-8BB3-11D2C725A2AB}.Debug|Mixed Platforms.ActiveCfg = Debug|Win32
		{476D2C40-1D3F-4DB5-8BB3-11D2C725A2AB}.Debug|Mixed Platforms.Build.0 = Debug|Win32
		{476D2C40-1D3F-4DB5-8BB3-11D2C725A2AB}.Debug|Win32.ActiveCfg = Debug|Win32
		{476D2C40-1D3F-4DB5-8BB3-11D2C725A2AB}.Debug|Win32.Build.0 = Debug|Win32
		{476D2C40-1D3F-4DB5-8BB3-11D2C725A2AB}.Release Lite|Any CPU.ActiveCfg = Release|Win32
		{476D2C40-1D3F-4DB5-8BB3-11D2C725A2AB}.Release Lite|Mixed Platforms.ActiveCfg = Release|Win32
		{476D2C40-1D3F-4DB5-8BB3-11D2C725A2AB}.Release Lite|Mixed Platforms.Build.0 = Release|Win32
		{476D2C40-1D3F-4DB5-8BB3-11D2C725A2AB}.Release Lite|Win32.ActiveCfg = Release|Win32
		{476D2C40-1D3F-4DB5-8BB3-11D2C725A2AB}.Release Lite|Win32.Build.0 = Release|Win32
		{476D2C40-1D3F-4DB5-8BB3-11D2C725A2AB}.Release|Any CPU.ActiveCfg = Release|Win32
		{476D2C40-1D3F-4DB5-8BB3-11D2C725A2AB}.Release|Mixed Platforms.ActiveCfg = Release|Win32
		{476D2C40-1D3F-4DB5-8BB3-11D2C725A2AB}.Release|Mixed Platforms.Build.0 = Release|Win32
		{476D2C40-1D3F-4DB5-8BB3-11D2C725A2AB}.Release|Win32.ActiveCfg = Release|Win32
		{476D2C40-1D3F-4DB5-8BB3-11D2C725A2AB}.Release|Win32.Build.0 = Release|Win32
		{69D3633B-0057-47B8-A9BA-E95F14DEECCE}.Beta Lite|Any CPU.ActiveCfg = Release|Win32
		{69D3633B-0057-47B8-A9BA-E95F14DEECCE}.Beta Lite|Mixed Platforms.ActiveCfg = Release|Win32
		{69D3633B-0057-47B8-A9BA-E95F14DEECCE}.Beta Lite|Mixed Platforms.Build.0 = Release|Win32
		{69D3633B-0057-47B8-A9BA-E95F14DEECCE}.Beta Lite|Win32.ActiveCfg = Release|Win32
		{69D3633B-0057-47B8-A9BA-E95F14DEECCE}.Beta Lite|Win32.Build.0 = Release|Win32
		{69D3633B-0057-47B8-A9BA-E95F14DEECCE}.Beta|Any CPU.ActiveCfg = Release|Win32
		{69D3633B-0057-47B8-A9BA-E95F14DEECCE}.Beta|Mixed Platforms.ActiveCfg = Release|Win32
		{69D3633B-0057-47B8-A9BA-E95F14DEECCE}.Beta|Mixed Platforms.Build.0 = Release|Win32
		{69D3633B-0057-47B8-A9BA-E95F14DEECCE}.Beta|Win32.ActiveCfg = Release|Win32
		{69D3633B-0057-47B8-A9BA-E95F14DEECCE}.Beta|Win32.Build.0 = Release|Win32
		{69D3633B-0057-47B8-A9BA-E95F14DEECCE}.Debug Lite|Any CPU.ActiveCfg = Debug|Win32
		{69D3633B-0057-47B8-A9BA-E95F14DEECCE}.Debug Lite|Mixed Platforms.ActiveCfg = Debug|Win32
		{69D3633B-0057-47B8-A9BA-E95F14DEECCE}.Debug Lite|Mixed Platforms.Build.0 = Debug|Win32
		{69D3633B-0057-47B8-A9BA-E95F14DEECCE}.Debug Lite|Win32.ActiveCfg = Debug|Win32
		{69D3633B-0057-47B8-A9BA-E95F14DEECCE}.Debug Lite|Win32.Build.0 = Debug|Win32
		{69D3633B-0057-47B8-A9BA-E95F14DEECCE}.Debug|Any CPU.ActiveCfg = Debug|Win32
		{69D3633B-0057-47B8-A9BA-E95F14DEECCE}.Debug|Mixed Platforms.ActiveCfg = Debug|Win32
		{69D3633B-0057-47B8-A9BA-E95F14DEECCE}.Debug|Mixed Platforms.Build.0 = Debug|Win32
		{69D3633B-0057-47B8-A9BA-E95F14DEECCE}.Debug|Win32.ActiveCfg = Debug|Win32
		{69D3633B-0057-47B8-A9BA-E95F14DEECCE}.Debug|Win32.Build.0 = Debug|Win32
		{69D3633B-0057-47B8-A9BA-E95F14DEECCE}.Release Lite|Any CPU.ActiveCfg = Release|Win32
		{69D3633B-0057-47B8-A9BA-E95F14DEECCE}.Release Lite|Mixed Platforms.ActiveCfg = Release|Win32
		{69D3633B-0057-47B8-A9BA-E95F14DEECCE}.Release Lite|Mixed Platforms.Build.0 = Release|Win32
		{69D3633B-0057-47B8-A9BA-E95F14DEECCE}.Release Lite|Win32.ActiveCfg = Release|Win32
		{69D3633B-0057-47B8-A9BA-E95F14DEECCE}.Release Lite|Win32.Build.0 = Release|Win32
		{69D3633B-0057-47B8-A9BA-E95F14DEECCE}.Release|Any CPU.ActiveCfg = Release|Win32
		{69D3633B-0057-47B8-A9BA-E95F14DEECCE}.Release|Mixed Platforms.ActiveCfg = Release|Win32
		{69D3633B-0057-47B8-A9BA-E95F14DEECCE}.Release|Mixed Platforms.Build.0 = Release|Win32
		{69D3633B-0057-47B8-A9BA-E95F14DEECCE}.Release|Win32.ActiveCfg = Release|Win32
		{69D3633B-0057-47B8-A9BA-E95F14DEECCE}.Release|Win32.Build.0 = Release|Win32
		{CE1B833D-C764-436B-BFCA-74689663E9E0}.Beta Lite|Any CPU.ActiveCfg = Release|Win32
		{CE1B833D-C764-436B-BFCA-74689663E9E0}.Beta Lite|Mixed Platforms.ActiveCfg = Release|Win32
		{CE1B833D-C764-436B-BFCA-74689663E9E0}.Beta Lite|Mixed Platforms.Build.0 = Release|Win32
		{CE1B833D-C764-436B-BFCA-74689663E9E0}.Beta Lite|Win32.ActiveCfg = Release|Win32
		{CE1B833D-C764-436B-BFCA-74689663E9E0}.Beta Lite|Win32.Build.0 = Release|Win32
		{CE1B833D-C764-436B-BFCA-74689663E9E0}.Beta|Any CPU.ActiveCfg = Release|Win32
		{CE1B833D-C764-436B-BFCA-74689663E9E0}.Beta|Mixed Platforms.ActiveCfg = Release|Win32
		{CE1B833D-C764-436B-BFCA-74689663E9E0}.Beta|Mixed Platforms.Build.0 = Release|Win32
		{CE1B833D-C764-436B-BFCA-74689663E9E0}.Beta|Win32.ActiveCfg = Release|Win32
		{CE1B833D-C764-436B-BFCA-74689663E9E0}.Beta|Win32.Build.0 = Release|Win32
		{CE1B833D-C764-436B-BFCA-74689663E9E0}.Debug Lite|Any CPU.ActiveCfg = Debug|Win32
		{CE1B833D-C764-436B-BFCA-74689663E9E0}.Debug Lite|Mixed Platforms.ActiveCfg = Debug|Win32
		{CE1B833D-C764-436B-BFCA-74689663E9E0}.Debug Lite|Mixed Platforms.Build.0 = Debug|Win32
		{CE1B833D-C764-436B-BFCA-74689663E9E0}.Debug Lite|Win32.ActiveCfg = Debug|Win32
		{CE1B833D-C764-436B-BFCA-74689663E9E0}.Debug Lite|Win32.Build.0 = Debug|Win32
		{CE1B833D-C764-436B-BFCA-74689663E9E0}.Debug|Any CPU.ActiveCfg = Debug|Win32
		{CE1B833D-C764-436B-BFCA-74689663E9E0}.Debug|Mixed Platforms.ActiveCfg = Debug|Win32
		{CE1B833D-C764-436B-BFCA-74689663E9E0}.Debug|Mixed Platforms.Build.0 = Debug|Win32
		{CE1B833D-C764-436B-BFCA-74689663E9E0}.Debug|Win32.ActiveCfg = Debug|Win32
		{CE1B833D-C764-436B-BFCA-74689663E9E0}.Debug|Win32.Build.0 = Debug|Win32
		{CE1B833D-C764-436B-BFCA-74689663E9E0}.Release Lite|Any CPU.ActiveCfg = Release|Win32
		{CE1B833D-C764-436B-BFCA-74689663E9E0}.Release Lite|Mixed Platforms.ActiveCfg = Release|Win32
		{CE1B833D-C764-436B-BFCA-74689663E9E0}.Release Lite|Mixed Platforms.Build.0 = Release|Win32
		{CE1B833D-C764-436B-BFCA-74689663E9E0}.Release Lite|Win32.ActiveCfg = Release|Win32
		{CE1B833D-C764-436B-BFCA-74689663E9E0}.Release Lite|Win32.Build.0 = Release|Win32
		{CE1B833D-C764-436B-BFCA-74689663E9E0}.Release|Any CPU.ActiveCfg = Release|Win32
		{CE1B833D-C764-436B-BFCA-74689663E9E0}.Release|Mixed Platforms.ActiveCfg = Release|Win32
		{CE1B833D-C764-436B-BFCA-74689663E9E0}.Release|Mixed Platforms.Build.0 = Release|Win32
		{CE1B833D-C764-436B-BFCA-74689663E9E0}.Release|Win32.ActiveCfg = Release|Win32
		{CE1B833D-C764-436B-BFCA-74689663E9E0}.Release|Win32.Build.0 = Release|Win32
		{45CF51B4-8B51-413D-9D43-106CCE10A8D8}.Beta Lite|Any CPU.ActiveCfg = Release|Win32
		{45CF51B4-8B51-413D-9D43-106CCE10A8D8}.Beta Lite|Mixed Platforms.ActiveCfg = Release|Win32
		{45CF51B4-8B51-413D-9D43-106CCE10A8D8}.Beta Lite|Mixed Platforms.Build.0 = Release|Win32
		{45CF51B4-8B51-413D-9D43-106CCE10A8D8}.Beta Lite|Win32.ActiveCfg = Release|Win32
		{45CF51B4-8B51-413D-9D43-106CCE10A8D8}.Beta Lite|Win32.Build.0 = Release|Win32
		{45CF51B4-8B51-413D-9D43-106CCE10A8D8}.Beta|Any CPU.ActiveCfg = Release|Win32
		{45CF51B4-8B51-413D-9D43-106CCE10A8D8}.Beta|Mixed Platforms.ActiveCfg = Release|Win32
		{45CF51B4-8B51-413D-9D43-106CCE10A8D8}.Beta|Mixed Platforms.Build.0 = Release|Win32
		{45CF51B4-8B51-413D-9D43-106CCE10A8D8}.Beta|Win32.ActiveCfg = Release|Win32
		{45CF51B4-8B51-413D-9D43-106CCE10A8D8}.Beta|Win32.Build.0 = Release|Win32
		{45CF51B4-8B51-413D-9D43-106CCE10A8D8}.Debug Lite|Any CPU.ActiveCfg = Debug|Win32
		{45CF51B4-8B51-413D-9D43-106CCE10A8D8}.Debug Lite|Mixed Platforms.ActiveCfg = Debug|Win32
		{45CF51B4-8B51-413D-9D43-106CCE10A8D8}.Debug Lite|Mixed Platforms.Build.0 = Debug|Win32
		{45CF51B4-8B51-413D-9D43-106CCE10A8D8}.Debug Lite|Win32.ActiveCfg = Debug|Win32
		{45CF51B4-8B51-413D-9D43-106CCE10A8D8}.Debug Lite|Win32.Build.0 = Debug|Win32
		{45CF51B4-8B51-413D-9D43-106CCE10A8D8}.Debug|Any CPU.ActiveCfg = Debug|Win32
		{45CF51B4-8B51-413D-9D43-106CCE10A8D8}.Debug|Mixed Platforms.ActiveCfg = Debug|Win32
		{45CF51B4-8B51-413D-9D43-106CCE10A8D8}.Debug|Mixed Platforms.Build.0 = Debug|Win32
		{45CF51B4-8B51-413D-9D43-106CCE10A8D8}.Debug|Win32.ActiveCfg = Debug|Win32
		{45CF51B4-8B51-413D-9D43-106CCE10A8D8}.Debug|Win32.Build.0 = Debug|Win32
		{45CF51B4-8B51-413D-9D43-106CCE10A8D8}.Release Lite|Any CPU.ActiveCfg = Release|Win32
		{45CF51B4-8B51-413D-9D43-106CCE10A8D8}.Release Lite|Mixed Platforms.ActiveCfg = Release|Win32
		{45CF51B4-8B51-413D-9D43-106CCE10A8D8}.Release Lite|Mixed Platforms.Build.0 = Release|Win32
		{45CF51B4-8B51-413D-9D43-106CCE10A8D8}.Release Lite|Win32.ActiveCfg = Release|Win32
		{45CF51B4-8B51-413D-9D43-106CCE10A8D8}.Release Lite|Win32.Build.0 = Release|Win32
		{45CF51B4-8B51-413D-9D43-106CCE10A8D8}.Release|Any CPU.ActiveCfg = Release|Win32
		{45CF51B4-8B51-413D-9D43-106CCE10A8D8}.Release|Mixed Platforms.ActiveCfg = Release|Win32
		{45CF51B4-8B51-413D-9D43-106CCE10A8D8}.Release|Mixed Platforms.Build.0 = Release|Win32
		{45CF51B4-8B51-413D-9D43-106CCE10A8D8}.Release|Win32.ActiveCfg = Release|Win32
		{45CF51B4-8B51-413D-9D43-106CCE10A8D8}.Release|Win32.Build.0 = Release|Win32
		{61ADF414-FEF8-458E-8B7B-0FAB2C0C0CF4}.Beta Lite|Any CPU.ActiveCfg = Release|Win32
		{61ADF414-FEF8-458E-8B7B-0FAB2C0C0CF4}.Beta Lite|Mixed Platforms.ActiveCfg = Release|Win32
		{61ADF414-FEF8-458E-8B7B-0FAB2C0C0CF4}.Beta Lite|Mixed Platforms.Build.0 = Release|Win32
		{61ADF414-FEF8-458E-8B7B-0FAB2C0C0CF4}.Beta Lite|Win32.ActiveCfg = Release|Win32
		{61ADF414-FEF8-458E-8B7B-0FAB2C0C0CF4}.Beta Lite|Win32.Build.0 = Release|Win32
		{61ADF414-FEF8-458E-8B7B-0FAB2C0C0CF4}.Beta|Any CPU.ActiveCfg = Release|Win32
		{61ADF414-FEF8-458E-8B7B-0FAB2C0C0CF4}.Beta|Mixed Platforms.ActiveCfg = Release|Win32
		{61ADF414-FEF8-458E-8B7B-0FAB2C0C0CF4}.Beta|Mixed Platforms.Build.0 = Release|Win32
		{61ADF414-FEF8-458E-8B7B-0FAB2C0C0CF4}.Beta|Win32.ActiveCfg = Release|Win32
		{61ADF414-FEF8-458E-8B7B-0FAB2C0C0CF4}.Beta|Win32.Build.0 = Release|Win32
		{61ADF414-FEF8-458E-8B7B-0FAB2C0C0CF4}.Debug Lite|Any CPU.ActiveCfg = Debug|Win32
		{61ADF414-FEF8-458E-8B7B-0FAB2C0C0CF4}.Debug Lite|Mixed Platforms.ActiveCfg = Debug|Win32
		{61ADF414-FEF8-458E-8B7B-0FAB2C0C0CF4}.Debug Lite|Mixed Platforms.Build.0 = Debug|Win32
		{61ADF414-FEF8-458E-8B7B-0FAB2C0C0CF4}.Debug Lite|Win32.ActiveCfg = Debug|Win32
		{61ADF414-FEF8-458E-8B7B-0FAB2C0C0CF4}.Debug Lite|Win32.Build.0 = Debug|Win32
		{61ADF414-FEF8-458E-8B7B-0FAB2C0C0CF4}.Debug|Any CPU.ActiveCfg = Debug|Win32
		{61ADF414-FEF8-458E-8B7B-0FAB2C0C0CF4}.Debug|Mixed Platforms.ActiveCfg = Debug|Win32
		{61ADF414-FEF8-458E-8B7B-0FAB2C0C0CF4}.Debug|Mixed Platforms.Build.0 = Debug|Win32
		{61ADF414-FEF8-458E-8B7B-0FAB2C0C0CF4}.Debug|Win32.ActiveCfg = Debug|Win32
		{61ADF414-FEF8-458E-8B7B-0FAB2C0C0CF4}.Debug|Win32.Build.0 = Debug|Win32
		{61ADF414-FEF8-458E-8B7B-0FAB2C0C0CF4}.Release Lite|Any CPU.ActiveCfg = Release|Win32
		{61ADF414-FEF8-458E-8B7B-0FAB2C0C0CF4}.Release Lite|Mixed Platforms.ActiveCfg = Release|Win32
		{61ADF414-FEF8-458E-8B7B-0FAB2C0C0CF4}.Release Lite|Mixed Platforms.Build.0 = Release|Win32
		{61ADF414-FEF8-458E-8B7B-0FAB2C0C0CF4}.Release Lite|Win32.ActiveCfg = Release|Win32
		{61ADF414-FEF8-458E-8B7B-0FAB2C0C0CF4}.Release Lite|Win32.Build.0 = Release|Win32
		{61ADF414-FEF8-458E-8B7B-0FAB2C0C0CF4}.Release|Any CPU.ActiveCfg = Release|Win32
		{61ADF414-FEF8-458E-8B7B-0FAB2C0C0CF4}.Release|Mixed Platforms.ActiveCfg = Release|Win32
		{61ADF414-FEF8-458E-8B7B-0FAB2C0C0CF4}.Release|Mixed Platforms.Build.0 = Release|Win32
		{61ADF414-FEF8-458E-8B7B-0FAB2C0C0CF4}.Release|Win32.ActiveCfg = Release|Win32
		{61ADF414-FEF8-458E-8B7B-0FAB2C0C0CF4}.Release|Win32.Build.0 = Release|Win32
		{DAFFF6F9-C81F-488F-826C-AE90CBF577A2}.Beta Lite|Any CPU.ActiveCfg = Release|Win32
		{DAFFF6F9-C81F-488F-826C-AE90CBF577A2}.Beta Lite|Mixed Platforms.ActiveCfg = Release|Win32
		{DAFFF6F9-C81F-488F-826C-AE90CBF577A2}.Beta Lite|Mixed Platforms.Build.0 = Release|Win32
		{DAFFF6F9-C81F-488F-826C-AE90CBF577A2}.Beta Lite|Win32.ActiveCfg = Release|Win32
		{DAFFF6F9-C81F-488F-826C-AE90CBF577A2}.Beta Lite|Win32.Build.0 = Release|Win32
		{DAFFF6F9-C81F-488F-826C-AE90CBF577A2}.Beta|Any CPU.ActiveCfg = Release|Win32
		{DAFFF6F9-C81F-488F-826C-AE90CBF577A2}.Beta|Mixed Platforms.ActiveCfg = Release|Win32
		{DAFFF6F9-C81F-488F-826C-AE90CBF577A2}.Beta|Mixed Platforms.Build.0 = Release|Win32
		{DAFFF6F9-C81F-488F-826C-AE90CBF577A2}.Beta|Win32.ActiveCfg = Release|Win32
		{DAFFF6F9-C81F-488F-826C-AE90CBF577A2}.Beta|Win32.Build.0 = Release|Win32
		{DAFFF6F9-C81F-488F-826C-AE90CBF577A2}.Debug Lite|Any CPU.ActiveCfg = Debug|Win32
		{DAFFF6F9-C81F-488F-826C-AE90CBF577A2}.Debug Lite|Mixed Platforms.ActiveCfg = Debug|Win32
		{DAFFF6F9-C81F-488F-826C-AE90CBF577A2}.Debug Lite|Mixed Platforms.Build.0 = Debug|Win32
		{DAFFF6F9-C81F-488F-826C-AE90CBF577A2}.Debug Lite|Win32.ActiveCfg = Debug|Win32
		{DAFFF6F9-C81F-488F-826C-AE90CBF577A2}.Debug Lite|Win32.Build.0 = Debug|Win32
		{DAFFF6F9-C81F-488F-826C-AE90CBF577A2}.Debug|Any CPU.ActiveCfg = Debug|Win32
		{DAFFF6F9-C81F-488F-826C-AE90CBF577A2}.Debug|Mixed Platforms.ActiveCfg = Debug|Win32
		{DAFFF6F9-C81F-488F-826C-AE90CBF577A2}.Debug|Mixed Platforms.Build.0 = Debug|Win32
		{DAFFF6F9-C81F-488F-826C-AE90CBF577A2}.Debug|Win32.ActiveCfg = Debug|Win32
		{DAFFF6F9-C81F-488F-826C-AE90CBF577A2}.Debug|Win32.Build.0 = Debug|Win32
		{DAFFF6F9-C81F-488F-826C-AE90CBF577A2}.Release Lite|Any CPU.ActiveCfg = Release|Win32
		{DAFFF6F9-C81F-488F-826C-AE90CBF577A2}.Release Lite|Mixed Platforms.ActiveCfg = Release|Win32
		{DAFFF6F9-C81F-488F-826C-AE90CBF577A2}.Release Lite|Mixed Platforms.Build.0 = Release|Win32
		{DAFFF6F9-C81F-488F-826C-AE90CBF577A2}.Release Lite|Win32.ActiveCfg = Release|Win32
		{DAFFF6F9-C81F-488F-826C-AE90CBF577A2}.Release Lite|Win32.Build.0 = Release|Win32
		{DAFFF6F9-C81F-488F-826C-AE90CBF577A2}.Release|Any CPU.ActiveCfg = Release|Win32
		{DAFFF6F9-C81F-488F-826C-AE90CBF577A2}.Release|Mixed Platforms.ActiveCfg = Release|Win32
		{DAFFF6F9-C81F-488F-826C-AE90CBF577A2}.Release|Mixed Platforms.Build.0 = Release|Win32
		{DAFFF6F9-C81F-488F-826C-AE90CBF577A2}.Release|Win32.ActiveCfg = Release|Win32
		{DAFFF6F9-C81F-488F-826C-AE90CBF577A2}.Release|Win32.Build.0 = Release|Win32
		{5D67255F-DD57-4319-BB6E-8D1E13289D3A}.Beta Lite|Any CPU.ActiveCfg = Beta Lite|Win32
		{5D67255F-DD57-4319-BB6E-8D1E13289D3A}.Beta Lite|Mixed Platforms.ActiveCfg = Beta Lite|Win32
		{5D67255F-DD57-4319-BB6E-8D1E13289D3A}.Beta Lite|Mixed Platforms.Build.0 = Beta Lite|Win32
		{5D67255F-DD57-4319-BB6E-8D1E13289D3A}.Beta Lite|Win32.ActiveCfg = Beta Lite|Win32
		{5D67255F-DD57-4319-BB6E-8D1E13289D3A}.Beta Lite|Win32.Build.0 = Beta Lite|Win32
		{5D67255F-DD57-4319-BB6E-8D1E13289D3A}.Beta|Any CPU.ActiveCfg = Beta|Win32
		{5D67255F-DD57-4319-BB6E-8D1E13289D3A}.Beta|Mixed Platforms.ActiveCfg = Beta|Win32
		{5D67255F-DD57-4319-BB6E-8D1E13289D3A}.Beta|Mixed Platforms.Build.0 = Beta|Win32
		{5D67255F-DD57-4319-BB6E-8D1E13289D3A}.Beta|Win32.ActiveCfg = Beta|Win32
		{5D67255F-DD57-4319-BB6E-8D1E13289D3A}.Beta|Win32.Build.0 = Beta|Win32
		{5D67255F-DD57-4319-BB6E-8D1E13289D3A}.Debug Lite|Any CPU.ActiveCfg = Debug Lite|Win32
		{5D67255F-DD57-4319-BB6E-8D1E13289D3A}.Debug Lite|Mixed Platforms.ActiveCfg = Debug Lite|Win32
		{5D67255F-DD57-4319-BB6E-8D1E13289D3A}.Debug Lite|Mixed Platforms.Build.0 = Debug Lite|Win32
		{5D67255F-DD57-4319-BB6E-8D1E13289D3A}.Debug Lite|Win32.ActiveCfg = Debug Lite|Win32
		{5D67255F-DD57-4319-BB6E-8D1E13289D3A}.Debug Lite|Win32.Build.0 = Debug Lite|Win32
		{5D67255F-DD57-4319-BB6E-8D1E13289D3A}.Debug|Any CPU.ActiveCfg = Debug|Win32
		{5D67255F-DD57-4319-BB6E-8D1E13289D3A}.Debug|Mixed Platforms.ActiveCfg = Debug|Win32
		{5D67255F-DD57-4319-BB6E-8D1E13289D3A}.Debug|Mixed Platforms.Build.0 = Debug|Win32
		{5D67255F-DD57-4319-BB6E-8D1E13289D3A}.Debug|Win32.ActiveCfg = Debug|Win32
		{5D67255F-DD57-4319-BB6E-8D1E13289D3A}.Debug|Win32.Build.0 = Debug|Win32
		{5D67255F-DD57-4319-BB6E-8D1E13289D3A}.Release Lite|Any CPU.ActiveCfg = Release Lite|Win32
		{5D67255F-DD57-4319-BB6E-8D1E13289D3A}.Release Lite|Mixed Platforms.ActiveCfg = Release Lite|Win32
		{5D67255F-DD57-4319-BB6E-8D1E13289D3A}.Release Lite|Mixed Platforms.Build.0 = Release Lite|Win32
		{5D67255F-DD57-4319-BB6E-8D1E13289D3A}.Release Lite|Win32.ActiveCfg = Release Lite|Win32
		{5D67255F-DD57-4319-BB6E-8D1E13289D3A}.Release Lite|Win32.Build.0 = Release Lite|Win32
		{5D67255F-DD57-4319-BB6E-8D1E13289D3A}.Release|Any CPU.ActiveCfg = Release|Win32
		{5D67255F-DD57-4319-BB6E-8D1E13289D3A}.Release|Mixed Platforms.ActiveCfg = Release|Win32
		{5D67255F-DD57-4319-BB6E-8D1E13289D3A}.Release|Mixed Platforms.Build.0 = Release|Win32
		{5D67255F-DD57-4319-BB6E-8D1E13289D3A}.Release|Win32.ActiveCfg = Release|Win32
		{5D67255F-DD57-4319-BB6E-8D1E13289D3A}.Release|Win32.Build.0 = Release|Win32
	EndGlobalSection
	GlobalSection(SolutionProperties) = preSolution
		HideSolutionNode = FALSE
	EndGlobalSection
EndGlobal
