Microsoft Visual Studio Solution File, Format Version 12.00
# Visual Studio 2013
VisualStudioVersion = 12.0.21005.1
MinimumVisualStudioVersion = 10.0.40219.1
Project("{2150E333-8FDC-42A3-9474-1A3956D46DE8}") = "Solution Items", "Solution Items", "{74406E59-952C-4847-B8DA-ECBB05BC1748}"
EndProject
Project("{8BC9CEB8-8B4A-11D0-8D11-00A0C91BC942}") = "Co-Op", "co-op\Co-Op.vcxproj", "{BE736DFA-E630-4398-99A1-C60B3AB7A083}"
EndProject
Project("{8BC9CEB8-8B4A-11D0-8D11-00A0C91BC942}") = "WinLib", "WinLib\WinLib.vcxproj", "{94A1CE47-9646-4643-A8D3-BF52C9615611}"
EndProject
Project("{8BC9CEB8-8B4A-11D0-8D11-00A0C91BC942}") = "Dispatcher", "Dispatcher\Dispatcher.vcxproj", "{B5251F7C-32BF-4119-BA28-8BE63455A4BE}"
EndProject
Project("{8BC9CEB8-8B4A-11D0-8D11-00A0C91BC942}") = "Differ", "Differ\Differ.vcxproj", "{DD1EE5CA-CDCF-40E4-A61B-DF2E70582950}"
EndProject
Project("{8BC9CEB8-8B4A-11D0-8D11-00A0C91BC942}") = "SccDll", "SccDll\SccDll.vcxproj", "{93618E90-956F-4C0F-A3FD-18990E4699DA}"
EndProject
Project("{8BC9CEB8-8B4A-11D0-8D11-00A0C91BC942}") = "CmpDir", "CmpDir\CmpDir.vcxproj", "{B9D64DBB-F279-4EA9-B976-3BA7814685F7}"
EndProject
Project("{8BC9CEB8-8B4A-11D0-8D11-00A0C91BC942}") = "Install", "Setup\Install\Setup.vcxproj", "{083B3B9D-145D-4828-B2AB-94F6EC16F550}"
EndProject
Project("{8BC9CEB8-8B4A-11D0-8D11-00A0C91BC942}") = "Uninstall", "Setup\Uninstall\Uninstall.vcxproj", "{66D54A0E-44C1-4A69-A563-7DF019DD9A05}"
EndProject
Project("{8BC9CEB8-8B4A-11D0-8D11-00A0C91BC942}") = "Help", "Setup\Help\Help.vcxproj", "{1737C5BE-AF51-42DB-A908-EA17258D755F}"
EndProject
Project("{8BC9CEB8-8B4A-11D0-8D11-00A0C91BC942}") = "Licenser", "Licenser\Licenser.vcxproj", "{262431DA-E734-42B1-B9D4-A854830D25DE}"
EndProject
Project("{8BC9CEB8-8B4A-11D0-8D11-00A0C91BC942}") = "UnitTest", "WinLib\UnitTest\UnitTest.vcxproj", "{85138F8E-571F-4CA9-9ADF-E85AE4FAD694}"
EndProject
Project("{8BC9CEB8-8B4A-11D0-8D11-00A0C91BC942}") = "WinTest", "WinLib\WinTest\WinTest.vcxproj", "{5D67255F-DD57-4319-BB6E-8D1E13289D3A}"
EndProject
Project("{8BC9CEB8-8B4A-11D0-8D11-00A0C91BC942}") = "FTPApplet", "FTPApplet\FTPApplet.vcxproj", "{49147445-BB8F-4C81-BD1B-7D087207AE34}"
EndProject
Project("{8BC9CEB8-8B4A-11D0-8D11-00A0C91BC942}") = "WikiBrowser", "WikiBrowser\WikiBrowser.vcxproj", "{BF365BF5-E4F6-4A96-A13F-893A6B18E3B0}"
EndProject
Project("{8BC9CEB8-8B4A-11D0-8D11-00A0C91BC942}") = "Release", "Setup\Release\Release.vcxproj", "{4E0A49B2-1E25-4519-AE1C-307063386131}"
EndProject
Project("{8BC9CEB8-8B4A-11D0-8D11-00A0C91BC942}") = "Licensing", "Licensing\License.vcxproj", "{E55877C5-298A-423F-AF09-A9B3AF4BAF4F}"
EndProject
Global
	GlobalSection(SolutionConfigurationPlatforms) = preSolution
		Beta Lite|Win32 = Beta Lite|Win32
		Beta|Win32 = Beta|Win32
		Debug Lite|Win32 = Debug Lite|Win32
		Debug|Win32 = Debug|Win32
		Release Lite|Win32 = Release Lite|Win32
		Release|Win32 = Release|Win32
	EndGlobalSection
	GlobalSection(ProjectConfigurationPlatforms) = postSolution
		{BE736DFA-E630-4398-99A1-C60B3AB7A083}.Beta Lite|Win32.ActiveCfg = Beta Lite|Win32
		{BE736DFA-E630-4398-99A1-C60B3AB7A083}.Beta Lite|Win32.Build.0 = Beta Lite|Win32
		{BE736DFA-E630-4398-99A1-C60B3AB7A083}.Beta|Win32.ActiveCfg = Beta|Win32
		{BE736DFA-E630-4398-99A1-C60B3AB7A083}.Beta|Win32.Build.0 = Beta|Win32
		{BE736DFA-E630-4398-99A1-C60B3AB7A083}.Debug Lite|Win32.ActiveCfg = Debug Lite|Win32
		{BE736DFA-E630-4398-99A1-C60B3AB7A083}.Debug Lite|Win32.Build.0 = Debug Lite|Win32
		{BE736DFA-E630-4398-99A1-C60B3AB7A083}.Debug|Win32.ActiveCfg = Debug|Win32
		{BE736DFA-E630-4398-99A1-C60B3AB7A083}.Debug|Win32.Build.0 = Debug|Win32
		{BE736DFA-E630-4398-99A1-C60B3AB7A083}.Release Lite|Win32.ActiveCfg = Release Lite|Win32
		{BE736DFA-E630-4398-99A1-C60B3AB7A083}.Release Lite|Win32.Build.0 = Release Lite|Win32
		{BE736DFA-E630-4398-99A1-C60B3AB7A083}.Release|Win32.ActiveCfg = Release|Win32
		{BE736DFA-E630-4398-99A1-C60B3AB7A083}.Release|Win32.Build.0 = Release|Win32
		{94A1CE47-9646-4643-A8D3-BF52C9615611}.Beta Lite|Win32.ActiveCfg = Beta Lite|Win32
		{94A1CE47-9646-4643-A8D3-BF52C9615611}.Beta Lite|Win32.Build.0 = Beta Lite|Win32
		{94A1CE47-9646-4643-A8D3-BF52C9615611}.Beta|Win32.ActiveCfg = Beta|Win32
		{94A1CE47-9646-4643-A8D3-BF52C9615611}.Beta|Win32.Build.0 = Beta|Win32
		{94A1CE47-9646-4643-A8D3-BF52C9615611}.Debug Lite|Win32.ActiveCfg = Debug Lite|Win32
		{94A1CE47-9646-4643-A8D3-BF52C9615611}.Debug Lite|Win32.Build.0 = Debug Lite|Win32
		{94A1CE47-9646-4643-A8D3-BF52C9615611}.Debug|Win32.ActiveCfg = Debug|Win32
		{94A1CE47-9646-4643-A8D3-BF52C9615611}.Debug|Win32.Build.0 = Debug|Win32
		{94A1CE47-9646-4643-A8D3-BF52C9615611}.Release Lite|Win32.ActiveCfg = Release Lite|Win32
		{94A1CE47-9646-4643-A8D3-BF52C9615611}.Release Lite|Win32.Build.0 = Release Lite|Win32
		{94A1CE47-9646-4643-A8D3-BF52C9615611}.Release|Win32.ActiveCfg = Release|Win32
		{94A1CE47-9646-4643-A8D3-BF52C9615611}.Release|Win32.Build.0 = Release|Win32
		{B5251F7C-32BF-4119-BA28-8BE63455A4BE}.Beta Lite|Win32.ActiveCfg = Beta Lite|Win32
		{B5251F7C-32BF-4119-BA28-8BE63455A4BE}.Beta Lite|Win32.Build.0 = Beta Lite|Win32
		{B5251F7C-32BF-4119-BA28-8BE63455A4BE}.Beta|Win32.ActiveCfg = Beta|Win32
		{B5251F7C-32BF-4119-BA28-8BE63455A4BE}.Beta|Win32.Build.0 = Beta|Win32
		{B5251F7C-32BF-4119-BA28-8BE63455A4BE}.Debug Lite|Win32.ActiveCfg = Debug Lite|Win32
		{B5251F7C-32BF-4119-BA28-8BE63455A4BE}.Debug Lite|Win32.Build.0 = Debug Lite|Win32
		{B5251F7C-32BF-4119-BA28-8BE63455A4BE}.Debug|Win32.ActiveCfg = Debug|Win32
		{B5251F7C-32BF-4119-BA28-8BE63455A4BE}.Debug|Win32.Build.0 = Debug|Win32
		{B5251F7C-32BF-4119-BA28-8BE63455A4BE}.Release Lite|Win32.ActiveCfg = Release Lite|Win32
		{B5251F7C-32BF-4119-BA28-8BE63455A4BE}.Release Lite|Win32.Build.0 = Release Lite|Win32
		{B5251F7C-32BF-4119-BA28-8BE63455A4BE}.Release|Win32.ActiveCfg = Release|Win32
		{B5251F7C-32BF-4119-BA28-8BE63455A4BE}.Release|Win32.Build.0 = Release|Win32
		{DD1EE5CA-CDCF-40E4-A61B-DF2E70582950}.Beta Lite|Win32.ActiveCfg = Beta Lite|Win32
		{DD1EE5CA-CDCF-40E4-A61B-DF2E70582950}.Beta Lite|Win32.Build.0 = Beta Lite|Win32
		{DD1EE5CA-CDCF-40E4-A61B-DF2E70582950}.Beta|Win32.ActiveCfg = Beta|Win32
		{DD1EE5CA-CDCF-40E4-A61B-DF2E70582950}.Beta|Win32.Build.0 = Beta|Win32
		{DD1EE5CA-CDCF-40E4-A61B-DF2E70582950}.Debug Lite|Win32.ActiveCfg = Debug Lite|Win32
		{DD1EE5CA-CDCF-40E4-A61B-DF2E70582950}.Debug Lite|Win32.Build.0 = Debug Lite|Win32
		{DD1EE5CA-CDCF-40E4-A61B-DF2E70582950}.Debug|Win32.ActiveCfg = Debug|Win32
		{DD1EE5CA-CDCF-40E4-A61B-DF2E70582950}.Debug|Win32.Build.0 = Debug|Win32
		{DD1EE5CA-CDCF-40E4-A61B-DF2E70582950}.Release Lite|Win32.ActiveCfg = Release Lite|Win32
		{DD1EE5CA-CDCF-40E4-A61B-DF2E70582950}.Release Lite|Win32.Build.0 = Release Lite|Win32
		{DD1EE5CA-CDCF-40E4-A61B-DF2E70582950}.Release|Win32.ActiveCfg = Release|Win32
		{DD1EE5CA-CDCF-40E4-A61B-DF2E70582950}.Release|Win32.Build.0 = Release|Win32
		{93618E90-956F-4C0F-A3FD-18990E4699DA}.Beta Lite|Win32.ActiveCfg = Beta Lite|Win32
		{93618E90-956F-4C0F-A3FD-18990E4699DA}.Beta Lite|Win32.Build.0 = Beta Lite|Win32
		{93618E90-956F-4C0F-A3FD-18990E4699DA}.Beta|Win32.ActiveCfg = Beta|Win32
		{93618E90-956F-4C0F-A3FD-18990E4699DA}.Beta|Win32.Build.0 = Beta|Win32
		{93618E90-956F-4C0F-A3FD-18990E4699DA}.Debug Lite|Win32.ActiveCfg = Debug Lite|Win32
		{93618E90-956F-4C0F-A3FD-18990E4699DA}.Debug Lite|Win32.Build.0 = Debug Lite|Win32
		{93618E90-956F-4C0F-A3FD-18990E4699DA}.Debug|Win32.ActiveCfg = Debug|Win32
		{93618E90-956F-4C0F-A3FD-18990E4699DA}.Debug|Win32.Build.0 = Debug|Win32
		{93618E90-956F-4C0F-A3FD-18990E4699DA}.Release Lite|Win32.ActiveCfg = Release Lite|Win32
		{93618E90-956F-4C0F-A3FD-18990E4699DA}.Release Lite|Win32.Build.0 = Release Lite|Win32
		{93618E90-956F-4C0F-A3FD-18990E4699DA}.Release|Win32.ActiveCfg = Release|Win32
		{93618E90-956F-4C0F-A3FD-18990E4699DA}.Release|Win32.Build.0 = Release|Win32
		{B9D64DBB-F279-4EA9-B976-3BA7814685F7}.Beta Lite|Win32.ActiveCfg = Beta Lite|Win32
		{B9D64DBB-F279-4EA9-B976-3BA7814685F7}.Beta Lite|Win32.Build.0 = Beta Lite|Win32
		{B9D64DBB-F279-4EA9-B976-3BA7814685F7}.Beta|Win32.ActiveCfg = Beta|Win32
		{B9D64DBB-F279-4EA9-B976-3BA7814685F7}.Beta|Win32.Build.0 = Beta|Win32
		{B9D64DBB-F279-4EA9-B976-3BA7814685F7}.Debug Lite|Win32.ActiveCfg = Debug Lite|Win32
		{B9D64DBB-F279-4EA9-B976-3BA7814685F7}.Debug Lite|Win32.Build.0 = Debug Lite|Win32
		{B9D64DBB-F279-4EA9-B976-3BA7814685F7}.Debug|Win32.ActiveCfg = Debug|Win32
		{B9D64DBB-F279-4EA9-B976-3BA7814685F7}.Debug|Win32.Build.0 = Debug|Win32
		{B9D64DBB-F279-4EA9-B976-3BA7814685F7}.Release Lite|Win32.ActiveCfg = Release Lite|Win32
		{B9D64DBB-F279-4EA9-B976-3BA7814685F7}.Release Lite|Win32.Build.0 = Release Lite|Win32
		{B9D64DBB-F279-4EA9-B976-3BA7814685F7}.Release|Win32.ActiveCfg = Release|Win32
		{B9D64DBB-F279-4EA9-B976-3BA7814685F7}.Release|Win32.Build.0 = Release|Win32
		{083B3B9D-145D-4828-B2AB-94F6EC16F550}.Beta Lite|Win32.ActiveCfg = Beta Lite|Win32
		{083B3B9D-145D-4828-B2AB-94F6EC16F550}.Beta Lite|Win32.Build.0 = Beta Lite|Win32
		{083B3B9D-145D-4828-B2AB-94F6EC16F550}.Beta|Win32.ActiveCfg = Beta|Win32
		{083B3B9D-145D-4828-B2AB-94F6EC16F550}.Beta|Win32.Build.0 = Beta|Win32
		{083B3B9D-145D-4828-B2AB-94F6EC16F550}.Debug Lite|Win32.ActiveCfg = Debug Lite|Win32
		{083B3B9D-145D-4828-B2AB-94F6EC16F550}.Debug Lite|Win32.Build.0 = Debug Lite|Win32
		{083B3B9D-145D-4828-B2AB-94F6EC16F550}.Debug|Win32.ActiveCfg = Debug|Win32
		{083B3B9D-145D-4828-B2AB-94F6EC16F550}.Debug|Win32.Build.0 = Debug|Win32
		{083B3B9D-145D-4828-B2AB-94F6EC16F550}.Release Lite|Win32.ActiveCfg = Release Lite|Win32
		{083B3B9D-145D-4828-B2AB-94F6EC16F550}.Release Lite|Win32.Build.0 = Release Lite|Win32
		{083B3B9D-145D-4828-B2AB-94F6EC16F550}.Release|Win32.ActiveCfg = Release|Win32
		{083B3B9D-145D-4828-B2AB-94F6EC16F550}.Release|Win32.Build.0 = Release|Win32
		{66D54A0E-44C1-4A69-A563-7DF019DD9A05}.Beta Lite|Win32.ActiveCfg = Beta Lite|Win32
		{66D54A0E-44C1-4A69-A563-7DF019DD9A05}.Beta Lite|Win32.Build.0 = Beta Lite|Win32
		{66D54A0E-44C1-4A69-A563-7DF019DD9A05}.Beta|Win32.ActiveCfg = Beta|Win32
		{66D54A0E-44C1-4A69-A563-7DF019DD9A05}.Beta|Win32.Build.0 = Beta|Win32
		{66D54A0E-44C1-4A69-A563-7DF019DD9A05}.Debug Lite|Win32.ActiveCfg = Debug Lite|Win32
		{66D54A0E-44C1-4A69-A563-7DF019DD9A05}.Debug Lite|Win32.Build.0 = Debug Lite|Win32
		{66D54A0E-44C1-4A69-A563-7DF019DD9A05}.Debug|Win32.ActiveCfg = Debug|Win32
		{66D54A0E-44C1-4A69-A563-7DF019DD9A05}.Debug|Win32.Build.0 = Debug|Win32
		{66D54A0E-44C1-4A69-A563-7DF019DD9A05}.Release Lite|Win32.ActiveCfg = Release Lite|Win32
		{66D54A0E-44C1-4A69-A563-7DF019DD9A05}.Release Lite|Win32.Build.0 = Release Lite|Win32
		{66D54A0E-44C1-4A69-A563-7DF019DD9A05}.Release|Win32.ActiveCfg = Release|Win32
		{66D54A0E-44C1-4A69-A563-7DF019DD9A05}.Release|Win32.Build.0 = Release|Win32
		{1737C5BE-AF51-42DB-A908-EA17258D755F}.Beta Lite|Win32.ActiveCfg = Beta Lite|Win32
		{1737C5BE-AF51-42DB-A908-EA17258D755F}.Beta Lite|Win32.Build.0 = Beta Lite|Win32
		{1737C5BE-AF51-42DB-A908-EA17258D755F}.Beta|Win32.ActiveCfg = Beta|Win32
		{1737C5BE-AF51-42DB-A908-EA17258D755F}.Beta|Win32.Build.0 = Beta|Win32
		{1737C5BE-AF51-42DB-A908-EA17258D755F}.Debug Lite|Win32.ActiveCfg = Release|Win32
		{1737C5BE-AF51-42DB-A908-EA17258D755F}.Debug Lite|Win32.Build.0 = Release|Win32
		{1737C5BE-AF51-42DB-A908-EA17258D755F}.Debug|Win32.ActiveCfg = Release|Win32
		{1737C5BE-AF51-42DB-A908-EA17258D755F}.Debug|Win32.Build.0 = Release|Win32
		{1737C5BE-AF51-42DB-A908-EA17258D755F}.Release Lite|Win32.ActiveCfg = Release Lite|Win32
		{1737C5BE-AF51-42DB-A908-EA17258D755F}.Release Lite|Win32.Build.0 = Release Lite|Win32
		{1737C5BE-AF51-42DB-A908-EA17258D755F}.Release|Win32.ActiveCfg = Release|Win32
		{1737C5BE-AF51-42DB-A908-EA17258D755F}.Release|Win32.Build.0 = Release|Win32
		{262431DA-E734-42B1-B9D4-A854830D25DE}.Beta Lite|Win32.ActiveCfg = Beta Lite|Win32
		{262431DA-E734-42B1-B9D4-A854830D25DE}.Beta Lite|Win32.Build.0 = Beta Lite|Win32
		{262431DA-E734-42B1-B9D4-A854830D25DE}.Beta|Win32.ActiveCfg = Beta|Win32
		{262431DA-E734-42B1-B9D4-A854830D25DE}.Beta|Win32.Build.0 = Beta|Win32
		{262431DA-E734-42B1-B9D4-A854830D25DE}.Debug Lite|Win32.ActiveCfg = Debug Lite|Win32
		{262431DA-E734-42B1-B9D4-A854830D25DE}.Debug Lite|Win32.Build.0 = Debug Lite|Win32
		{262431DA-E734-42B1-B9D4-A854830D25DE}.Debug|Win32.ActiveCfg = Debug|Win32
		{262431DA-E734-42B1-B9D4-A854830D25DE}.Debug|Win32.Build.0 = Debug|Win32
		{262431DA-E734-42B1-B9D4-A854830D25DE}.Release Lite|Win32.ActiveCfg = Release Lite|Win32
		{262431DA-E734-42B1-B9D4-A854830D25DE}.Release Lite|Win32.Build.0 = Release Lite|Win32
		{262431DA-E734-42B1-B9D4-A854830D25DE}.Release|Win32.ActiveCfg = Release|Win32
		{262431DA-E734-42B1-B9D4-A854830D25DE}.Release|Win32.Build.0 = Release|Win32
		{85138F8E-571F-4CA9-9ADF-E85AE4FAD694}.Beta Lite|Win32.ActiveCfg = Beta Lite|Win32
		{85138F8E-571F-4CA9-9ADF-E85AE4FAD694}.Beta Lite|Win32.Build.0 = Beta Lite|Win32
		{85138F8E-571F-4CA9-9ADF-E85AE4FAD694}.Beta|Win32.ActiveCfg = Beta|Win32
		{85138F8E-571F-4CA9-9ADF-E85AE4FAD694}.Beta|Win32.Build.0 = Beta|Win32
		{85138F8E-571F-4CA9-9ADF-E85AE4FAD694}.Debug Lite|Win32.ActiveCfg = Debug Lite|Win32
		{85138F8E-571F-4CA9-9ADF-E85AE4FAD694}.Debug Lite|Win32.Build.0 = Debug Lite|Win32
		{85138F8E-571F-4CA9-9ADF-E85AE4FAD694}.Debug|Win32.ActiveCfg = Debug|Win32
		{85138F8E-571F-4CA9-9ADF-E85AE4FAD694}.Debug|Win32.Build.0 = Debug|Win32
		{85138F8E-571F-4CA9-9ADF-E85AE4FAD694}.Release Lite|Win32.ActiveCfg = Release Lite|Win32
		{85138F8E-571F-4CA9-9ADF-E85AE4FAD694}.Release Lite|Win32.Build.0 = Release Lite|Win32
		{85138F8E-571F-4CA9-9ADF-E85AE4FAD694}.Release|Win32.ActiveCfg = Release|Win32
		{85138F8E-571F-4CA9-9ADF-E85AE4FAD694}.Release|Win32.Build.0 = Release|Win32
		{5D67255F-DD57-4319-BB6E-8D1E13289D3A}.Beta Lite|Win32.ActiveCfg = Beta Lite|Win32
		{5D67255F-DD57-4319-BB6E-8D1E13289D3A}.Beta Lite|Win32.Build.0 = Beta Lite|Win32
		{5D67255F-DD57-4319-BB6E-8D1E13289D3A}.Beta|Win32.ActiveCfg = Beta|Win32
		{5D67255F-DD57-4319-BB6E-8D1E13289D3A}.Beta|Win32.Build.0 = Beta|Win32
		{5D67255F-DD57-4319-BB6E-8D1E13289D3A}.Debug Lite|Win32.ActiveCfg = Debug Lite|Win32
		{5D67255F-DD57-4319-BB6E-8D1E13289D3A}.Debug Lite|Win32.Build.0 = Debug Lite|Win32
		{5D67255F-DD57-4319-BB6E-8D1E13289D3A}.Debug|Win32.ActiveCfg = Debug|Win32
		{5D67255F-DD57-4319-BB6E-8D1E13289D3A}.Debug|Win32.Build.0 = Debug|Win32
		{5D67255F-DD57-4319-BB6E-8D1E13289D3A}.Release Lite|Win32.ActiveCfg = Release Lite|Win32
		{5D67255F-DD57-4319-BB6E-8D1E13289D3A}.Release Lite|Win32.Build.0 = Release Lite|Win32
		{5D67255F-DD57-4319-BB6E-8D1E13289D3A}.Release|Win32.ActiveCfg = Release|Win32
		{5D67255F-DD57-4319-BB6E-8D1E13289D3A}.Release|Win32.Build.0 = Release|Win32
		{49147445-BB8F-4C81-BD1B-7D087207AE34}.Beta Lite|Win32.ActiveCfg = Debug|Win32
		{49147445-BB8F-4C81-BD1B-7D087207AE34}.Beta Lite|Win32.Build.0 = Debug|Win32
		{49147445-BB8F-4C81-BD1B-7D087207AE34}.Beta|Win32.ActiveCfg = Debug|Win32
		{49147445-BB8F-4C81-BD1B-7D087207AE34}.Beta|Win32.Build.0 = Debug|Win32
		{49147445-BB8F-4C81-BD1B-7D087207AE34}.Debug Lite|Win32.ActiveCfg = Debug|Win32
		{49147445-BB8F-4C81-BD1B-7D087207AE34}.Debug Lite|Win32.Build.0 = Debug|Win32
		{49147445-BB8F-4C81-BD1B-7D087207AE34}.Debug|Win32.ActiveCfg = Debug|Win32
		{49147445-BB8F-4C81-BD1B-7D087207AE34}.Debug|Win32.Build.0 = Debug|Win32
		{49147445-BB8F-4C81-BD1B-7D087207AE34}.Release Lite|Win32.ActiveCfg = Release|Win32
		{49147445-BB8F-4C81-BD1B-7D087207AE34}.Release Lite|Win32.Build.0 = Release|Win32
		{49147445-BB8F-4C81-BD1B-7D087207AE34}.Release|Win32.ActiveCfg = Release|Win32
		{49147445-BB8F-4C81-BD1B-7D087207AE34}.Release|Win32.Build.0 = Release|Win32
		{BF365BF5-E4F6-4A96-A13F-893A6B18E3B0}.Beta Lite|Win32.ActiveCfg = Debug|Win32
		{BF365BF5-E4F6-4A96-A13F-893A6B18E3B0}.Beta Lite|Win32.Build.0 = Debug|Win32
		{BF365BF5-E4F6-4A96-A13F-893A6B18E3B0}.Beta|Win32.ActiveCfg = Debug|Win32
		{BF365BF5-E4F6-4A96-A13F-893A6B18E3B0}.Beta|Win32.Build.0 = Debug|Win32
		{BF365BF5-E4F6-4A96-A13F-893A6B18E3B0}.Debug Lite|Win32.ActiveCfg = Debug|Win32
		{BF365BF5-E4F6-4A96-A13F-893A6B18E3B0}.Debug Lite|Win32.Build.0 = Debug|Win32
		{BF365BF5-E4F6-4A96-A13F-893A6B18E3B0}.Debug|Win32.ActiveCfg = Debug|Win32
		{BF365BF5-E4F6-4A96-A13F-893A6B18E3B0}.Debug|Win32.Build.0 = Debug|Win32
		{BF365BF5-E4F6-4A96-A13F-893A6B18E3B0}.Release Lite|Win32.ActiveCfg = Release|Win32
		{BF365BF5-E4F6-4A96-A13F-893A6B18E3B0}.Release Lite|Win32.Build.0 = Release|Win32
		{BF365BF5-E4F6-4A96-A13F-893A6B18E3B0}.Release|Win32.ActiveCfg = Release|Win32
		{BF365BF5-E4F6-4A96-A13F-893A6B18E3B0}.Release|Win32.Build.0 = Release|Win32
		{4E0A49B2-1E25-4519-AE1C-307063386131}.Beta Lite|Win32.ActiveCfg = Release|Win32
		{4E0A49B2-1E25-4519-AE1C-307063386131}.Beta Lite|Win32.Build.0 = Release|Win32
		{4E0A49B2-1E25-4519-AE1C-307063386131}.Beta|Win32.ActiveCfg = Release|Win32
		{4E0A49B2-1E25-4519-AE1C-307063386131}.Beta|Win32.Build.0 = Release|Win32
		{4E0A49B2-1E25-4519-AE1C-307063386131}.Debug Lite|Win32.ActiveCfg = Debug|Win32
		{4E0A49B2-1E25-4519-AE1C-307063386131}.Debug Lite|Win32.Build.0 = Debug|Win32
		{4E0A49B2-1E25-4519-AE1C-307063386131}.Debug|Win32.ActiveCfg = Debug|Win32
		{4E0A49B2-1E25-4519-AE1C-307063386131}.Debug|Win32.Build.0 = Debug|Win32
		{4E0A49B2-1E25-4519-AE1C-307063386131}.Release Lite|Win32.ActiveCfg = Release|Win32
		{4E0A49B2-1E25-4519-AE1C-307063386131}.Release Lite|Win32.Build.0 = Release|Win32
		{4E0A49B2-1E25-4519-AE1C-307063386131}.Release|Win32.ActiveCfg = Release|Win32
		{4E0A49B2-1E25-4519-AE1C-307063386131}.Release|Win32.Build.0 = Release|Win32
		{E55877C5-298A-423F-AF09-A9B3AF4BAF4F}.Beta Lite|Win32.ActiveCfg = Beta Lite|Win32
		{E55877C5-298A-423F-AF09-A9B3AF4BAF4F}.Beta Lite|Win32.Build.0 = Beta Lite|Win32
		{E55877C5-298A-423F-AF09-A9B3AF4BAF4F}.Beta|Win32.ActiveCfg = Beta|Win32
		{E55877C5-298A-423F-AF09-A9B3AF4BAF4F}.Beta|Win32.Build.0 = Beta|Win32
		{E55877C5-298A-423F-AF09-A9B3AF4BAF4F}.Debug Lite|Win32.ActiveCfg = Debug Lite|Win32
		{E55877C5-298A-423F-AF09-A9B3AF4BAF4F}.Debug Lite|Win32.Build.0 = Debug Lite|Win32
		{E55877C5-298A-423F-AF09-A9B3AF4BAF4F}.Debug|Win32.ActiveCfg = Debug|Win32
		{E55877C5-298A-423F-AF09-A9B3AF4BAF4F}.Debug|Win32.Build.0 = Debug|Win32
		{E55877C5-298A-423F-AF09-A9B3AF4BAF4F}.Release Lite|Win32.ActiveCfg = Release Lite|Win32
		{E55877C5-298A-423F-AF09-A9B3AF4BAF4F}.Release Lite|Win32.Build.0 = Release Lite|Win32
		{E55877C5-298A-423F-AF09-A9B3AF4BAF4F}.Release|Win32.ActiveCfg = Release|Win32
		{E55877C5-298A-423F-AF09-A9B3AF4BAF4F}.Release|Win32.Build.0 = Release|Win32
	EndGlobalSection
	GlobalSection(SolutionProperties) = preSolution
		HideSolutionNode = FALSE
	EndGlobalSection
EndGlobal
