<?xml version="1.0" encoding="utf-8"?>
<Project ToolsVersion="4.0" xmlns="http://schemas.microsoft.com/developer/msbuild/2003">
  <ItemGroup>
    <Filter Include="Common">
      <UniqueIdentifier>{5ef0fed1-7ac2-4cab-9cdc-b3f1ec19f18a}</UniqueIdentifier>
    </Filter>
  </ItemGroup>
  <ItemGroup>
    <ClCompile Include="..\Common\precompiled.cpp">
      <Filter>Common</Filter>
    </ClCompile>
    <ClCompile Include="..\Common\TestController.cpp">
      <Filter>Common</Filter>
    </ClCompile>
    <ClCompile Include="..\Common\TestMain.cpp">
      <Filter>Common</Filter>
    </ClCompile>
    <ClCompile Include="Test_Ftp.cpp" />
  </ItemGroup>
  <ItemGroup>
    <ClInclude Include="..\Common\precompiled.h">
      <Filter>Common</Filter>
    </ClInclude>
    <ClInclude Include="..\Common\TestController.h">
      <Filter>Common</Filter>
    </ClInclude>
    <ClInclude Include="..\Common\WinOut.h">
      <Filter>Common</Filter>
    </ClInclude>
  </ItemGroup>
</Project>