
Microsoft Visual Studio Solution File, Format Version 10.00
# Visual Studio 2008
Project("{8BC9CEB8-8B4A-11D0-8D11-00A0C91BC942}") = "Release", "Release.vcproj", "{4E0A49B2-1E25-4519-AE1C-307063386131}"
EndProject
Global
	GlobalSection(SourceCodeControl) = preSolution
		SccNumberOfProjects = 1
		SccProjectUniqueName0 = Release.vcproj
		SccProjectName0 = Rebecca
		SccLocalPath0 = ..\\..
		SccProvider0 = MSSCCI:Reliable\u0020Software\u0020Code\u0020Co-op
		SccProjectFilePathRelativizedFromConnection0 = Setup\\Release\\
	EndGlobalSection
	GlobalSection(SolutionConfigurationPlatforms) = preSolution
		Debug|Win32 = Debug|Win32
		Release|Win32 = Release|Win32
	EndGlobalSection
	GlobalSection(ProjectConfigurationPlatforms) = postSolution
		{4E0A49B2-1E25-4519-AE1C-307063386131}.Debug|Win32.ActiveCfg = Debug|Win32
		{4E0A49B2-1E25-4519-AE1C-307063386131}.Debug|Win32.Build.0 = Debug|Win32
		{4E0A49B2-1E25-4519-AE1C-307063386131}.Release|Win32.ActiveCfg = Release|Win32
		{4E0A49B2-1E25-4519-AE1C-307063386131}.Release|Win32.Build.0 = Release|Win32
	EndGlobalSection
	GlobalSection(SolutionProperties) = preSolution
		HideSolutionNode = FALSE
	EndGlobalSection
EndGlobal
