<?xml version="1.0" encoding="utf-8"?>
<Project ToolsVersion="4.0" xmlns="http://schemas.microsoft.com/developer/msbuild/2003">
  <ItemGroup>
    <Filter Include="Common">
      <UniqueIdentifier>{7e63f900-694e-4053-8c22-19d26664a4e9}</UniqueIdentifier>
    </Filter>
  </ItemGroup>
  <ItemGroup>
    <ClCompile Include="..\..\Common\Address.cpp">
      <Filter>Common</Filter>
    </ClCompile>
    <ClCompile Include="..\..\Common\Catalog.cpp">
      <Filter>Common</Filter>
    </ClCompile>
    <ClCompile Include="..\Common\CmdArgs.cpp">
      <Filter>Common</Filter>
    </ClCompile>
    <ClCompile Include="..\..\license\Crypt.cpp">
      <Filter>Common</Filter>
    </ClCompile>
    <ClCompile Include="..\..\Common\FileState.cpp">
      <Filter>Common</Filter>
    </ClCompile>
    <ClCompile Include="..\..\Common\GlobalDb.cpp">
      <Filter>Common</Filter>
    </ClCompile>
    <ClCompile Include="..\..\Common\OutputSink.cpp">
      <Filter>Common</Filter>
    </ClCompile>
    <ClCompile Include="..\Common\PathClassifier.cpp">
      <Filter>Common</Filter>
    </ClCompile>
    <ClCompile Include="..\..\Common\PathRegistry.cpp">
      <Filter>Common</Filter>
    </ClCompile>
    <ClCompile Include="..\..\Common\precompiled.cpp">
      <Filter>Common</Filter>
    </ClCompile>
    <ClCompile Include="..\..\SccDll\SccErrorOut.cpp">
      <Filter>Common</Filter>
    </ClCompile>
    <ClCompile Include="..\..\SccDll\SccProxy.cpp">
      <Filter>Common</Filter>
    </ClCompile>
    <ClCompile Include="..\..\SccDll\SccProxyEx.cpp">
      <Filter>Common</Filter>
    </ClCompile>
    <ClCompile Include="..\..\Serial\Serialize.cpp">
      <Filter>Common</Filter>
    </ClCompile>
    <ClCompile Include="..\..\Serial\SerString.cpp">
      <Filter>Common</Filter>
    </ClCompile>
    <ClCompile Include="..\..\Serial\SysPath.cpp">
      <Filter>Common</Filter>
    </ClCompile>
    <ClCompile Include="..\..\Serial\Transact.cpp">
      <Filter>Common</Filter>
    </ClCompile>
    <ClCompile Include="..\..\Serial\Transactable.cpp">
      <Filter>Common</Filter>
    </ClCompile>
    <ClCompile Include="..\..\Common\Transport.cpp">
      <Filter>Common</Filter>
    </ClCompile>
    <ClCompile Include="..\..\Common\UserIdPack.cpp">
      <Filter>Common</Filter>
    </ClCompile>
    <ClCompile Include="label.cpp" />
  </ItemGroup>
  <ItemGroup>
    <ClInclude Include="..\..\Common\Address.h">
      <Filter>Common</Filter>
    </ClInclude>
    <ClInclude Include="..\..\Common\BuildOptions.h">
      <Filter>Common</Filter>
    </ClInclude>
    <ClInclude Include="..\..\Common\Catalog.h">
      <Filter>Common</Filter>
    </ClInclude>
    <ClInclude Include="..\Common\CmdArgs.h">
      <Filter>Common</Filter>
    </ClInclude>
    <ClInclude Include="..\Common\CmdFlags.h">
      <Filter>Common</Filter>
    </ClInclude>
    <ClInclude Include="..\Common\CmdLineVersionLabel.h">
      <Filter>Common</Filter>
    </ClInclude>
    <ClInclude Include="..\..\license\Crypt.h">
      <Filter>Common</Filter>
    </ClInclude>
    <ClInclude Include="..\..\Common\FileState.h">
      <Filter>Common</Filter>
    </ClInclude>
    <ClInclude Include="..\..\Common\GlobalDb.h">
      <Filter>Common</Filter>
    </ClInclude>
    <ClInclude Include="..\..\Common\OutputSink.h">
      <Filter>Common</Filter>
    </ClInclude>
    <ClInclude Include="..\Common\PathClassifier.h">
      <Filter>Common</Filter>
    </ClInclude>
    <ClInclude Include="..\..\Common\PathRegistry.h">
      <Filter>Common</Filter>
    </ClInclude>
    <ClInclude Include="..\..\Common\precompiled.h">
      <Filter>Common</Filter>
    </ClInclude>
    <ClInclude Include="..\..\SccDll\SccErrorOut.h">
      <Filter>Common</Filter>
    </ClInclude>
    <ClInclude Include="..\..\SccDll\SccProxy.h">
      <Filter>Common</Filter>
    </ClInclude>
    <ClInclude Include="..\..\SccDll\SccProxyEx.h">
      <Filter>Common</Filter>
    </ClInclude>
    <ClInclude Include="..\..\Serial\Serialize.h">
      <Filter>Common</Filter>
    </ClInclude>
    <ClInclude Include="..\..\Serial\SerString.h">
      <Filter>Common</Filter>
    </ClInclude>
    <ClInclude Include="..\..\Serial\SysPath.h">
      <Filter>Common</Filter>
    </ClInclude>
    <ClInclude Include="..\..\Serial\Transact.h">
      <Filter>Common</Filter>
    </ClInclude>
    <ClInclude Include="..\..\Serial\Transactable.h">
      <Filter>Common</Filter>
    </ClInclude>
    <ClInclude Include="..\..\Common\Transport.h">
      <Filter>Common</Filter>
    </ClInclude>
    <ClInclude Include="..\..\Common\UserIdPack.h">
      <Filter>Common</Filter>
    </ClInclude>
  </ItemGroup>
</Project>