<?xml version="1.0" encoding="utf-8"?>
<Project ToolsVersion="4.0" xmlns="http://schemas.microsoft.com/developer/msbuild/2003">
  <ItemGroup>
    <Filter Include="Common">
      <UniqueIdentifier>{00204387-90a8-473f-b799-5a0d6f84f856}</UniqueIdentifier>
    </Filter>
    <Filter Include="Resource">
      <UniqueIdentifier>{50ab2da6-c5db-476d-90f0-d7133733a3d5}</UniqueIdentifier>
    </Filter>
  </ItemGroup>
  <ItemGroup>
    <ClCompile Include="..\..\Common\Address.cpp">
      <Filter>Common</Filter>
    </ClCompile>
    <ClCompile Include="..\..\Common\Catalog.cpp">
      <Filter>Common</Filter>
    </ClCompile>
    <ClCompile Include="..\Common\DbHandler.cpp">
      <Filter>Common</Filter>
    </ClCompile>
    <ClCompile Include="..\Common\FileOperation.cpp">
      <Filter>Common</Filter>
    </ClCompile>
    <ClCompile Include="..\..\Common\GlobalDb.cpp">
      <Filter>Common</Filter>
    </ClCompile>
    <ClCompile Include="..\..\Common\OutputSink.cpp">
      <Filter>Common</Filter>
    </ClCompile>
    <ClCompile Include="..\..\Common\PathRegistry.cpp">
      <Filter>Common</Filter>
    </ClCompile>
    <ClCompile Include="..\..\Common\precompiled.cpp">
      <Filter>Common</Filter>
    </ClCompile>
    <ClCompile Include="..\..\Common\Registry.cpp">
      <Filter>Common</Filter>
    </ClCompile>
    <ClCompile Include="..\..\Serial\Serialize.cpp">
      <Filter>Common</Filter>
    </ClCompile>
    <ClCompile Include="..\..\Serial\SerString.cpp">
      <Filter>Common</Filter>
    </ClCompile>
    <ClCompile Include="..\..\Serial\SysPath.cpp">
      <Filter>Common</Filter>
    </ClCompile>
    <ClCompile Include="..\..\Serial\Transact.cpp">
      <Filter>Common</Filter>
    </ClCompile>
    <ClCompile Include="..\..\Serial\Transactable.cpp">
      <Filter>Common</Filter>
    </ClCompile>
    <ClCompile Include="..\..\Common\Transport.cpp">
      <Filter>Common</Filter>
    </ClCompile>
    <ClCompile Include="..\..\Common\UserIdPack.cpp">
      <Filter>Common</Filter>
    </ClCompile>
    <ClCompile Include="ConfirmDefectDlg.cpp" />
    <ClCompile Include="UninstallCtrl.cpp" />
    <ClCompile Include="UninstallDlg.cpp" />
    <ClCompile Include="Uninstaller.cpp" />
    <ClCompile Include="UninstallMain.cpp" />
    <ClCompile Include="WinMain.cpp" />
    <ClCompile Include="..\..\Licensing\Crypt.cpp">
      <Filter>Common</Filter>
    </ClCompile>
  </ItemGroup>
  <ItemGroup>
    <ClInclude Include="..\..\Common\Address.h">
      <Filter>Common</Filter>
    </ClInclude>
    <ClInclude Include="..\..\Common\Catalog.h">
      <Filter>Common</Filter>
    </ClInclude>
    <ClInclude Include="..\Common\DbHandler.h">
      <Filter>Common</Filter>
    </ClInclude>
    <ClInclude Include="..\..\Dispatcher\Common\DispatcherParams.h">
      <Filter>Common</Filter>
    </ClInclude>
    <ClInclude Include="..\Common\FileOperation.h">
      <Filter>Common</Filter>
    </ClInclude>
    <ClInclude Include="..\..\Common\GlobalDb.h">
      <Filter>Common</Filter>
    </ClInclude>
    <ClInclude Include="..\..\Common\GlobalFileNames.h">
      <Filter>Common</Filter>
    </ClInclude>
    <ClInclude Include="..\..\Common\GlobalId.h">
      <Filter>Common</Filter>
    </ClInclude>
    <ClInclude Include="..\..\Common\OutputSink.h">
      <Filter>Common</Filter>
    </ClInclude>
    <ClInclude Include="..\..\Common\PathRegistry.h">
      <Filter>Common</Filter>
    </ClInclude>
    <ClInclude Include="..\..\Common\precompiled.h">
      <Filter>Common</Filter>
    </ClInclude>
    <ClInclude Include="..\Common\Proxy.h">
      <Filter>Common</Filter>
    </ClInclude>
    <ClInclude Include="..\..\Common\Registry.h">
      <Filter>Common</Filter>
    </ClInclude>
    <ClInclude Include="..\..\Serial\serialize.h">
      <Filter>Common</Filter>
    </ClInclude>
    <ClInclude Include="..\..\Serial\SerString.h">
      <Filter>Common</Filter>
    </ClInclude>
    <ClInclude Include="..\Common\SetupParams.h">
      <Filter>Common</Filter>
    </ClInclude>
    <ClInclude Include="..\Common\SetupRegistry.h">
      <Filter>Common</Filter>
    </ClInclude>
    <ClInclude Include="..\..\Serial\SysPath.h">
      <Filter>Common</Filter>
    </ClInclude>
    <ClInclude Include="..\..\Serial\transact.h">
      <Filter>Common</Filter>
    </ClInclude>
    <ClInclude Include="..\..\Serial\transactable.h">
      <Filter>Common</Filter>
    </ClInclude>
    <ClInclude Include="..\..\Common\Transport.h">
      <Filter>Common</Filter>
    </ClInclude>
    <ClInclude Include="..\..\Common\UserIdPack.h">
      <Filter>Common</Filter>
    </ClInclude>
    <ClInclude Include="..\..\Serial\XArray.h">
      <Filter>Common</Filter>
    </ClInclude>
    <ClInclude Include="..\..\Serial\XString.h">
      <Filter>Common</Filter>
    </ClInclude>
    <ClInclude Include="resource.h">
      <Filter>Resource</Filter>
    </ClInclude>
    <ClInclude Include="ConfirmDefectDlg.h" />
    <ClInclude Include="UninstallCtrl.h" />
    <ClInclude Include="UninstallDlg.h" />
    <ClInclude Include="Uninstaller.h" />
    <ClInclude Include="UninstallMain.h" />
    <ClInclude Include="UninstallParams.h" />
    <ClInclude Include="..\..\Licensing\Crypt.h">
      <Filter>Common</Filter>
    </ClInclude>
  </ItemGroup>
  <ItemGroup>
    <None Include="co-op.ico">
      <Filter>Resource</Filter>
    </None>
    <None Include="RS.bmp">
      <Filter>Resource</Filter>
    </None>
  </ItemGroup>
  <ItemGroup>
    <ResourceCompile Include="Unistall.rc">
      <Filter>Resource</Filter>
    </ResourceCompile>
  </ItemGroup>
  <ItemGroup>
    <Manifest Include="Uninstall.exe.manifest" />
  </ItemGroup>
</Project>